// !$*UTF8*$!
{
	archiveVersion = 1;
	classes = {
	};
	objectVersion = 51;
	objects = {

/* Begin PBXBuildFile section */
		45493CA670B234DB5D4610BF /* Pods_Ambassadoor.framework in Frameworks */ = {isa = PBXBuildFile; fileRef = 236138913E9C5102B8E1275E /* Pods_Ambassadoor.framework */; };
		B71A90F4233258D9002B6F1A /* WebViewVC.swift in Sources */ = {isa = PBXBuildFile; fileRef = B71A90F3233258D4002B6F1A /* WebViewVC.swift */; };
		B73F098623291B3100CD6B00 /* APIManager.swift in Sources */ = {isa = PBXBuildFile; fileRef = B73F098523291B3100CD6B00 /* APIManager.swift */; };
		B73F098823291DA000CD6B00 /* DwollaUserInformationVC.swift in Sources */ = {isa = PBXBuildFile; fileRef = B73F098723291DA000CD6B00 /* DwollaUserInformationVC.swift */; };
		B73F098A2329294D00CD6B00 /* DwollaCustomerInformation.swift in Sources */ = {isa = PBXBuildFile; fileRef = B73F09892329294D00CD6B00 /* DwollaCustomerInformation.swift */; };
		B7422E6722FC03510076F076 /* OtherInfoVC.swift in Sources */ = {isa = PBXBuildFile; fileRef = B7422E6622FC03510076F076 /* OtherInfoVC.swift */; };
		B7446CC422FD81BC0061983F /* UIViewControllerExtensions.swift in Sources */ = {isa = PBXBuildFile; fileRef = B7446CC322FD81BB0061983F /* UIViewControllerExtensions.swift */; };
		B7460DED237435C000D74EF2 /* OfferHistoryVC.swift in Sources */ = {isa = PBXBuildFile; fileRef = B7460DEC237435C000D74EF2 /* OfferHistoryVC.swift */; };
		B78D114B2306AF510073F64B /* CustomObject.m in Sources */ = {isa = PBXBuildFile; fileRef = B78D11492306AF500073F64B /* CustomObject.m */; };
		B7B97D72233DE84C0028E7E2 /* NetworkReachability.swift in Sources */ = {isa = PBXBuildFile; fileRef = B7B97D71233DE84C0028E7E2 /* NetworkReachability.swift */; };
		B7BCE52922E9BB1800666689 /* DateExtension.swift in Sources */ = {isa = PBXBuildFile; fileRef = B7BCE52822E9BB1800666689 /* DateExtension.swift */; };
		B7CAD15923FE8019005CD144 /* VerifyOTPVC.swift in Sources */ = {isa = PBXBuildFile; fileRef = B7CAD15823FE8019005CD144 /* VerifyOTPVC.swift */; };
		B7CAD15B23FEA634005CD144 /* UITextFieldExtension.swift in Sources */ = {isa = PBXBuildFile; fileRef = B7CAD15A23FEA634005CD144 /* UITextFieldExtension.swift */; };
		B7CAD15D23FEAB5D005CD144 /* SetPasswordVC.swift in Sources */ = {isa = PBXBuildFile; fileRef = B7CAD15C23FEAB5D005CD144 /* SetPasswordVC.swift */; };
		B7D42095232A7AB1009F0FCE /* ConnectedPlaidTVCell.swift in Sources */ = {isa = PBXBuildFile; fileRef = B7D42094232A7AB1009F0FCE /* ConnectedPlaidTVCell.swift */; };
		B7D4209B232AA94F009F0FCE /* TransactionListVC.swift in Sources */ = {isa = PBXBuildFile; fileRef = B7D4209A232AA94F009F0FCE /* TransactionListVC.swift */; };
		B7D9038223FD30B80004A670 /* StringExtention.swift in Sources */ = {isa = PBXBuildFile; fileRef = B7D9038123FD30B80004A670 /* StringExtention.swift */; };
		B7E86AF0230EA46E00F60E8F /* BankListVC.swift in Sources */ = {isa = PBXBuildFile; fileRef = B7E86AEF230EA46E00F60E8F /* BankListVC.swift */; };
		B7EA07352382C4740009870E /* GoogleService-Info.plist in Resources */ = {isa = PBXBuildFile; fileRef = B7EA07342382C4740009870E /* GoogleService-Info.plist */; };
		B7FA5F352333789F0088C3FE /* TabBarVC.swift in Sources */ = {isa = PBXBuildFile; fileRef = B7FA5F342333789F0088C3FE /* TabBarVC.swift */; };
		B7FA5F3723339F700088C3FE /* OfferAcceptConfirmVC.swift in Sources */ = {isa = PBXBuildFile; fileRef = B7FA5F3623339F700088C3FE /* OfferAcceptConfirmVC.swift */; };
		B7FB2886233A1E4700980F17 /* PaymentSentVC.swift in Sources */ = {isa = PBXBuildFile; fileRef = B7FB2885233A1E4700980F17 /* PaymentSentVC.swift */; };
		C0963EB1220B864B000380C7 /* ImageViewExtensions.swift in Sources */ = {isa = PBXBuildFile; fileRef = C0963EB0220B864B000380C7 /* ImageViewExtensions.swift */; };
		C0D73643220676CF00A84EB7 /* InstagramAPI.swift in Sources */ = {isa = PBXBuildFile; fileRef = C0D73642220676CF00A84EB7 /* InstagramAPI.swift */; };
		C0D7364522067AE500A84EB7 /* InstagramVC.swift in Sources */ = {isa = PBXBuildFile; fileRef = C0D7364422067AE500A84EB7 /* InstagramVC.swift */; };
		E80709482361C84400A48827 /* CategoryExplanation.swift in Sources */ = {isa = PBXBuildFile; fileRef = E80709472361C84400A48827 /* CategoryExplanation.swift */; };
		E80AB86821B0DA0D00D9B546 /* ViewOfferNC.swift in Sources */ = {isa = PBXBuildFile; fileRef = E80AB86721B0DA0D00D9B546 /* ViewOfferNC.swift */; };
		E80AB86A21B18A6400D9B546 /* GlobalTimeSync.swift in Sources */ = {isa = PBXBuildFile; fileRef = E80AB86921B18A6400D9B546 /* GlobalTimeSync.swift */; };
		E80AB86C21B1F9E000D9B546 /* inProgressVC.swift in Sources */ = {isa = PBXBuildFile; fileRef = E80AB86B21B1F9E000D9B546 /* inProgressVC.swift */; };
		E80FD4FD21A4B8AB003AF50B /* HomeVC.swift in Sources */ = {isa = PBXBuildFile; fileRef = E80FD4FC21A4B8AB003AF50B /* HomeVC.swift */; };
		E80FD4FF21A4F1E4003AF50B /* PageVC.swift in Sources */ = {isa = PBXBuildFile; fileRef = E80FD4FE21A4F1E4003AF50B /* PageVC.swift */; };
		E8109EEC21AEE818008882B1 /* MoneyVC.swift in Sources */ = {isa = PBXBuildFile; fileRef = E8109EEB21AEE818008882B1 /* MoneyVC.swift */; };
		E8109EEE21AF6BA8008882B1 /* WithdrawVC.swift in Sources */ = {isa = PBXBuildFile; fileRef = E8109EED21AF6BA8008882B1 /* WithdrawVC.swift */; };
		E8128C5023F36A1800703195 /* ResetPasswordVC.swift in Sources */ = {isa = PBXBuildFile; fileRef = E8128C4F23F36A1800703195 /* ResetPasswordVC.swift */; };
		E8164F6222249ACC0084CCF9 /* StatVC.swift in Sources */ = {isa = PBXBuildFile; fileRef = E8164F6122249ACC0084CCF9 /* StatVC.swift */; };
		E81DE121222AF39D00880D41 /* ProfileVC.swift in Sources */ = {isa = PBXBuildFile; fileRef = E81DE120222AF39D00880D41 /* ProfileVC.swift */; };
		E82347EE21A1D6BF000A1A62 /* AppDelegate.swift in Sources */ = {isa = PBXBuildFile; fileRef = E82347ED21A1D6BF000A1A62 /* AppDelegate.swift */; };
		E82347F021A1D6BF000A1A62 /* ViewController.swift in Sources */ = {isa = PBXBuildFile; fileRef = E82347EF21A1D6BF000A1A62 /* ViewController.swift */; };
		E82347F321A1D6BF000A1A62 /* Main.storyboard in Resources */ = {isa = PBXBuildFile; fileRef = E82347F121A1D6BF000A1A62 /* Main.storyboard */; };
		E82347F621A1D6BF000A1A62 /* Ambassadoor.xcdatamodeld in Sources */ = {isa = PBXBuildFile; fileRef = E82347F421A1D6BF000A1A62 /* Ambassadoor.xcdatamodeld */; };
		E82347F821A1D6C0000A1A62 /* Assets.xcassets in Resources */ = {isa = PBXBuildFile; fileRef = E82347F721A1D6C0000A1A62 /* Assets.xcassets */; };
		E82347FB21A1D6C0000A1A62 /* LaunchScreen.storyboard in Resources */ = {isa = PBXBuildFile; fileRef = E82347F921A1D6C0000A1A62 /* LaunchScreen.storyboard */; };
		E825C69723F19684003A0B0D /* CreateLoginVC.swift in Sources */ = {isa = PBXBuildFile; fileRef = E825C69623F19684003A0B0D /* CreateLoginVC.swift */; };
		E838F3CB21F687BB0021D0AD /* FirebaseRefrences.swift in Sources */ = {isa = PBXBuildFile; fileRef = E838F3CA21F687BB0021D0AD /* FirebaseRefrences.swift */; };
		E84038CC223541DB00959CD9 /* Notifications.swift in Sources */ = {isa = PBXBuildFile; fileRef = E84038CB223541DB00959CD9 /* Notifications.swift */; };
		E84667DE23FA1CE600544CE1 /* NotBusinessVC.swift in Sources */ = {isa = PBXBuildFile; fileRef = E84667DD23FA1CE600544CE1 /* NotBusinessVC.swift */; };
		E84D685321A9F08C00681D21 /* PostVC.swift in Sources */ = {isa = PBXBuildFile; fileRef = E84D685221A9F08C00681D21 /* PostVC.swift */; };
		E8589FF0234A971400F1BBDE /* ReportOfferVC.swift in Sources */ = {isa = PBXBuildFile; fileRef = E8589FEF234A971400F1BBDE /* ReportOfferVC.swift */; };
		E866724821FF2C8B00241FB3 /* SignUpVC.swift in Sources */ = {isa = PBXBuildFile; fileRef = E866724721FF2C8B00241FB3 /* SignUpVC.swift */; };
		E86A1E4B21A784C500DCB0D0 /* structs.swift in Sources */ = {isa = PBXBuildFile; fileRef = E86A1E4A21A784C500DCB0D0 /* structs.swift */; };
		E86A1E4D21A797F000DCB0D0 /* Savvy.swift in Sources */ = {isa = PBXBuildFile; fileRef = E86A1E4C21A797F000DCB0D0 /* Savvy.swift */; };
		E86A1E4F21A86CE900DCB0D0 /* RejectedOffersVC.swift in Sources */ = {isa = PBXBuildFile; fileRef = E86A1E4E21A86CE900DCB0D0 /* RejectedOffersVC.swift */; };
		E86A1E5121A87C1200DCB0D0 /* global.swift in Sources */ = {isa = PBXBuildFile; fileRef = E86A1E5021A87C1200DCB0D0 /* global.swift */; };
		E86A1E5321A893D100DCB0D0 /* OfferVC.swift in Sources */ = {isa = PBXBuildFile; fileRef = E86A1E5221A893D100DCB0D0 /* OfferVC.swift */; };
		E86B092621DBF0F30009C45D /* socialPageVC.swift in Sources */ = {isa = PBXBuildFile; fileRef = E86B092521DBF0F30009C45D /* socialPageVC.swift */; };
		E86B092821DBF8050009C45D /* socialTierVC.swift in Sources */ = {isa = PBXBuildFile; fileRef = E86B092721DBF8050009C45D /* socialTierVC.swift */; };
		E86B092A21DBF81C0009C45D /* socialCategoryVC.swift in Sources */ = {isa = PBXBuildFile; fileRef = E86B092921DBF81C0009C45D /* socialCategoryVC.swift */; };
		E86B092C21DBF82F0009C45D /* socialSearchVC.swift in Sources */ = {isa = PBXBuildFile; fileRef = E86B092B21DBF82F0009C45D /* socialSearchVC.swift */; };
		E8721D6A2436E5580016D2B3 /* OfferMenu.storyboard in Resources */ = {isa = PBXBuildFile; fileRef = E8721D692436E5580016D2B3 /* OfferMenu.storyboard */; };
		E8721D6C2436E7C60016D2B3 /* OffersPVC.swift in Sources */ = {isa = PBXBuildFile; fileRef = E8721D6B2436E7C60016D2B3 /* OffersPVC.swift */; };
		E878729823F6353600B4163B /* BasicInfoVC.swift in Sources */ = {isa = PBXBuildFile; fileRef = E878729723F6353600B4163B /* BasicInfoVC.swift */; };
		E87C01AB23ED8F9A002B1F9A /* CreateAccountVC.swift in Sources */ = {isa = PBXBuildFile; fileRef = E87C01AA23ED8F9A002B1F9A /* CreateAccountVC.swift */; };
		E87EC2E2236C998C00690037 /* GeolocationTools.swift in Sources */ = {isa = PBXBuildFile; fileRef = E87EC2E1236C998C00690037 /* GeolocationTools.swift */; };
		E87EC2E4236C9A2900690037 /* SocialAlgorithms.swift in Sources */ = {isa = PBXBuildFile; fileRef = E87EC2E3236C9A2900690037 /* SocialAlgorithms.swift */; };
		E880460523F4272B00A21ABE /* ConnectInstagramVC.swift in Sources */ = {isa = PBXBuildFile; fileRef = E880460423F4272B00A21ABE /* ConnectInstagramVC.swift */; };
		E880460723F44BAD00A21ABE /* InstagramConnectedVC.swift in Sources */ = {isa = PBXBuildFile; fileRef = E880460623F44BAD00A21ABE /* InstagramConnectedVC.swift */; };
		E880460923F4A8FC00A21ABE /* AccountInUseVC.swift in Sources */ = {isa = PBXBuildFile; fileRef = E880460823F4A8FC00A21ABE /* AccountInUseVC.swift */; };
		E88A081023EDED24000AD3C7 /* SigninVC.swift in Sources */ = {isa = PBXBuildFile; fileRef = E88A080F23EDED24000AD3C7 /* SigninVC.swift */; };
		E89480A22236E95C00C809E5 /* categories.swift in Sources */ = {isa = PBXBuildFile; fileRef = E89480A12236E95C00C809E5 /* categories.swift */; };
		E89584BB23EDBC0200B064F4 /* NewAccount.swift in Sources */ = {isa = PBXBuildFile; fileRef = E89584BA23EDBC0200B064F4 /* NewAccount.swift */; };
		E89584BD23EDD44D00B064F4 /* WelcomeVC.swift in Sources */ = {isa = PBXBuildFile; fileRef = E89584BC23EDD44D00B064F4 /* WelcomeVC.swift */; };
		E8963EA121F7F16B0047CF99 /* OfferCell.swift in Sources */ = {isa = PBXBuildFile; fileRef = E8963EA021F7F16B0047CF99 /* OfferCell.swift */; };
		E8A84AAF222AB3FC00D9E2C9 /* ClassPickerVC.swift in Sources */ = {isa = PBXBuildFile; fileRef = E8A84AAE222AB3FC00D9E2C9 /* ClassPickerVC.swift */; };
		E8A84AB1222AB40B00D9E2C9 /* CategoryPickerVC.swift in Sources */ = {isa = PBXBuildFile; fileRef = E8A84AB0222AB40B00D9E2C9 /* CategoryPickerVC.swift */; };
		E8AAE63B23EC3D7300EC28D4 /* LoginSetup.storyboard in Resources */ = {isa = PBXBuildFile; fileRef = E8AAE63A23EC3D7300EC28D4 /* LoginSetup.storyboard */; };
		E8AAE63D23EC3E0E00EC28D4 /* StandardNC.swift in Sources */ = {isa = PBXBuildFile; fileRef = E8AAE63C23EC3E0E00EC28D4 /* StandardNC.swift */; };
		E8C02754220F32C000B79D54 /* BoldButton.swift in Sources */ = {isa = PBXBuildFile; fileRef = E8C02753220F32C000B79D54 /* BoldButton.swift */; };
		E8C369572216270E00AE12D7 /* ViewProfileVC.swift in Sources */ = {isa = PBXBuildFile; fileRef = E8C369562216270E00AE12D7 /* ViewProfileVC.swift */; };
		E8C9048C236859A400FB9584 /* TierInfoVC.swift in Sources */ = {isa = PBXBuildFile; fileRef = E8C9048B236859A400FB9584 /* TierInfoVC.swift */; };
		E8CBD7BE21E29400003B5B02 /* People.swift in Sources */ = {isa = PBXBuildFile; fileRef = E8CBD7BD21E29400003B5B02 /* People.swift */; };
		E8D4B2482362543100DC0FEA /* FakeSplash.swift in Sources */ = {isa = PBXBuildFile; fileRef = E8D4B2472362543100DC0FEA /* FakeSplash.swift */; };
		E8E84121234CF43D00AA4957 /* StripeConnectionMKWebview.swift in Sources */ = {isa = PBXBuildFile; fileRef = E8E84120234CF43C00AA4957 /* StripeConnectionMKWebview.swift */; };
		E8E888D92209B78400ECF398 /* VerifedVC.swift in Sources */ = {isa = PBXBuildFile; fileRef = E8E888D82209B78400ECF398 /* VerifedVC.swift */; };
		E8EF2C78222D786500B2EDC6 /* CategoryPicker.swift in Sources */ = {isa = PBXBuildFile; fileRef = E8EF2C77222D786500B2EDC6 /* CategoryPicker.swift */; };
		E8EF2C7A222DDD6300B2EDC6 /* ZipCodeVC.swift in Sources */ = {isa = PBXBuildFile; fileRef = E8EF2C79222DDD6300B2EDC6 /* ZipCodeVC.swift */; };
		E8F9D0AC21AA362500DD1616 /* ProductVC.swift in Sources */ = {isa = PBXBuildFile; fileRef = E8F9D0AB21AA362500DD1616 /* ProductVC.swift */; };
		E8F9D0AE21AA3FDC00DD1616 /* CompanyVC.swift in Sources */ = {isa = PBXBuildFile; fileRef = E8F9D0AD21AA3FDC00DD1616 /* CompanyVC.swift */; };
/* End PBXBuildFile section */

/* Begin PBXFileReference section */
		0A97662B45396EF7FCF0C532 /* Pods-Ambassadoor.release.xcconfig */ = {isa = PBXFileReference; includeInIndex = 1; lastKnownFileType = text.xcconfig; name = "Pods-Ambassadoor.release.xcconfig"; path = "Pods/Target Support Files/Pods-Ambassadoor/Pods-Ambassadoor.release.xcconfig"; sourceTree = "<group>"; };
		236138913E9C5102B8E1275E /* Pods_Ambassadoor.framework */ = {isa = PBXFileReference; explicitFileType = wrapper.framework; includeInIndex = 0; path = Pods_Ambassadoor.framework; sourceTree = BUILT_PRODUCTS_DIR; };
		3C063C7693442ACADF942259 /* Pods-Ambassadoor.debug.xcconfig */ = {isa = PBXFileReference; includeInIndex = 1; lastKnownFileType = text.xcconfig; name = "Pods-Ambassadoor.debug.xcconfig"; path = "Pods/Target Support Files/Pods-Ambassadoor/Pods-Ambassadoor.debug.xcconfig"; sourceTree = "<group>"; };
		B71A90F3233258D4002B6F1A /* WebViewVC.swift */ = {isa = PBXFileReference; lastKnownFileType = sourcecode.swift; path = WebViewVC.swift; sourceTree = "<group>"; };
		B73F098523291B3100CD6B00 /* APIManager.swift */ = {isa = PBXFileReference; lastKnownFileType = sourcecode.swift; path = APIManager.swift; sourceTree = "<group>"; };
		B73F098723291DA000CD6B00 /* DwollaUserInformationVC.swift */ = {isa = PBXFileReference; lastKnownFileType = sourcecode.swift; path = DwollaUserInformationVC.swift; sourceTree = "<group>"; };
		B73F09892329294D00CD6B00 /* DwollaCustomerInformation.swift */ = {isa = PBXFileReference; lastKnownFileType = sourcecode.swift; path = DwollaCustomerInformation.swift; sourceTree = "<group>"; };
		B7422E6622FC03510076F076 /* OtherInfoVC.swift */ = {isa = PBXFileReference; lastKnownFileType = sourcecode.swift; path = OtherInfoVC.swift; sourceTree = "<group>"; };
		B7446CC322FD81BB0061983F /* UIViewControllerExtensions.swift */ = {isa = PBXFileReference; lastKnownFileType = sourcecode.swift; path = UIViewControllerExtensions.swift; sourceTree = "<group>"; };
		B7460DEC237435C000D74EF2 /* OfferHistoryVC.swift */ = {isa = PBXFileReference; lastKnownFileType = sourcecode.swift; path = OfferHistoryVC.swift; sourceTree = "<group>"; };
		B78D11492306AF500073F64B /* CustomObject.m */ = {isa = PBXFileReference; fileEncoding = 4; lastKnownFileType = sourcecode.c.objc; path = CustomObject.m; sourceTree = "<group>"; };
		B78D114A2306AF510073F64B /* CustomObject.h */ = {isa = PBXFileReference; fileEncoding = 4; lastKnownFileType = sourcecode.c.h; path = CustomObject.h; sourceTree = "<group>"; };
		B7B97D71233DE84C0028E7E2 /* NetworkReachability.swift */ = {isa = PBXFileReference; lastKnownFileType = sourcecode.swift; path = NetworkReachability.swift; sourceTree = "<group>"; };
		B7BCE52822E9BB1800666689 /* DateExtension.swift */ = {isa = PBXFileReference; lastKnownFileType = sourcecode.swift; path = DateExtension.swift; sourceTree = "<group>"; };
		B7C4BF0E2302FFE00024C3C3 /* Ambassadoor-Bridging-Header.h */ = {isa = PBXFileReference; lastKnownFileType = sourcecode.c.h; path = "Ambassadoor-Bridging-Header.h"; sourceTree = "<group>"; };
		B7CAD15823FE8019005CD144 /* VerifyOTPVC.swift */ = {isa = PBXFileReference; lastKnownFileType = sourcecode.swift; path = VerifyOTPVC.swift; sourceTree = "<group>"; };
		B7CAD15A23FEA634005CD144 /* UITextFieldExtension.swift */ = {isa = PBXFileReference; lastKnownFileType = sourcecode.swift; path = UITextFieldExtension.swift; sourceTree = "<group>"; };
		B7CAD15C23FEAB5D005CD144 /* SetPasswordVC.swift */ = {isa = PBXFileReference; lastKnownFileType = sourcecode.swift; path = SetPasswordVC.swift; sourceTree = "<group>"; };
		B7D42094232A7AB1009F0FCE /* ConnectedPlaidTVCell.swift */ = {isa = PBXFileReference; lastKnownFileType = sourcecode.swift; path = ConnectedPlaidTVCell.swift; sourceTree = "<group>"; };
		B7D4209A232AA94F009F0FCE /* TransactionListVC.swift */ = {isa = PBXFileReference; lastKnownFileType = sourcecode.swift; path = TransactionListVC.swift; sourceTree = "<group>"; };
		B7D9038123FD30B80004A670 /* StringExtention.swift */ = {isa = PBXFileReference; lastKnownFileType = sourcecode.swift; path = StringExtention.swift; sourceTree = "<group>"; };
		B7E86AEF230EA46E00F60E8F /* BankListVC.swift */ = {isa = PBXFileReference; lastKnownFileType = sourcecode.swift; path = BankListVC.swift; sourceTree = "<group>"; };
		B7EA07332382924C0009870E /* Ambassadoor.entitlements */ = {isa = PBXFileReference; lastKnownFileType = text.plist.entitlements; path = Ambassadoor.entitlements; sourceTree = "<group>"; };
		B7EA07342382C4740009870E /* GoogleService-Info.plist */ = {isa = PBXFileReference; fileEncoding = 4; lastKnownFileType = text.plist.xml; path = "GoogleService-Info.plist"; sourceTree = "<group>"; };
		B7FA5F342333789F0088C3FE /* TabBarVC.swift */ = {isa = PBXFileReference; lastKnownFileType = sourcecode.swift; path = TabBarVC.swift; sourceTree = "<group>"; };
		B7FA5F3623339F700088C3FE /* OfferAcceptConfirmVC.swift */ = {isa = PBXFileReference; lastKnownFileType = sourcecode.swift; path = OfferAcceptConfirmVC.swift; sourceTree = "<group>"; };
		B7FB2885233A1E4700980F17 /* PaymentSentVC.swift */ = {isa = PBXFileReference; lastKnownFileType = sourcecode.swift; path = PaymentSentVC.swift; sourceTree = "<group>"; };
		C0963EB0220B864B000380C7 /* ImageViewExtensions.swift */ = {isa = PBXFileReference; lastKnownFileType = sourcecode.swift; path = ImageViewExtensions.swift; sourceTree = "<group>"; };
		C0D73642220676CF00A84EB7 /* InstagramAPI.swift */ = {isa = PBXFileReference; lastKnownFileType = sourcecode.swift; path = InstagramAPI.swift; sourceTree = "<group>"; };
		C0D7364422067AE500A84EB7 /* InstagramVC.swift */ = {isa = PBXFileReference; lastKnownFileType = sourcecode.swift; path = InstagramVC.swift; sourceTree = "<group>"; };
		E80709472361C84400A48827 /* CategoryExplanation.swift */ = {isa = PBXFileReference; lastKnownFileType = sourcecode.swift; path = CategoryExplanation.swift; sourceTree = "<group>"; };
		E80AB86721B0DA0D00D9B546 /* ViewOfferNC.swift */ = {isa = PBXFileReference; lastKnownFileType = sourcecode.swift; path = ViewOfferNC.swift; sourceTree = "<group>"; };
		E80AB86921B18A6400D9B546 /* GlobalTimeSync.swift */ = {isa = PBXFileReference; lastKnownFileType = sourcecode.swift; path = GlobalTimeSync.swift; sourceTree = "<group>"; };
		E80AB86B21B1F9E000D9B546 /* inProgressVC.swift */ = {isa = PBXFileReference; lastKnownFileType = sourcecode.swift; path = inProgressVC.swift; sourceTree = "<group>"; };
		E80FD4FC21A4B8AB003AF50B /* HomeVC.swift */ = {isa = PBXFileReference; lastKnownFileType = sourcecode.swift; path = HomeVC.swift; sourceTree = "<group>"; };
		E80FD4FE21A4F1E4003AF50B /* PageVC.swift */ = {isa = PBXFileReference; lastKnownFileType = sourcecode.swift; path = PageVC.swift; sourceTree = "<group>"; };
		E8109EEB21AEE818008882B1 /* MoneyVC.swift */ = {isa = PBXFileReference; lastKnownFileType = sourcecode.swift; path = MoneyVC.swift; sourceTree = "<group>"; };
		E8109EED21AF6BA8008882B1 /* WithdrawVC.swift */ = {isa = PBXFileReference; lastKnownFileType = sourcecode.swift; path = WithdrawVC.swift; sourceTree = "<group>"; };
		E8128C4F23F36A1800703195 /* ResetPasswordVC.swift */ = {isa = PBXFileReference; lastKnownFileType = sourcecode.swift; path = ResetPasswordVC.swift; sourceTree = "<group>"; };
		E8164F6122249ACC0084CCF9 /* StatVC.swift */ = {isa = PBXFileReference; lastKnownFileType = sourcecode.swift; path = StatVC.swift; sourceTree = "<group>"; };
		E81DE120222AF39D00880D41 /* ProfileVC.swift */ = {isa = PBXFileReference; lastKnownFileType = sourcecode.swift; path = ProfileVC.swift; sourceTree = "<group>"; };
		E82347EA21A1D6BF000A1A62 /* Ambassadoor.app */ = {isa = PBXFileReference; explicitFileType = wrapper.application; includeInIndex = 0; path = Ambassadoor.app; sourceTree = BUILT_PRODUCTS_DIR; };
		E82347ED21A1D6BF000A1A62 /* AppDelegate.swift */ = {isa = PBXFileReference; lastKnownFileType = sourcecode.swift; path = AppDelegate.swift; sourceTree = "<group>"; };
		E82347EF21A1D6BF000A1A62 /* ViewController.swift */ = {isa = PBXFileReference; lastKnownFileType = sourcecode.swift; path = ViewController.swift; sourceTree = "<group>"; };
		E82347F221A1D6BF000A1A62 /* Base */ = {isa = PBXFileReference; lastKnownFileType = file.storyboard; name = Base; path = Base.lproj/Main.storyboard; sourceTree = "<group>"; };
		E82347F521A1D6BF000A1A62 /* Ambassadoor.xcdatamodel */ = {isa = PBXFileReference; lastKnownFileType = wrapper.xcdatamodel; path = Ambassadoor.xcdatamodel; sourceTree = "<group>"; };
		E82347F721A1D6C0000A1A62 /* Assets.xcassets */ = {isa = PBXFileReference; lastKnownFileType = folder.assetcatalog; path = Assets.xcassets; sourceTree = "<group>"; };
		E82347FA21A1D6C0000A1A62 /* Base */ = {isa = PBXFileReference; lastKnownFileType = file.storyboard; name = Base; path = Base.lproj/LaunchScreen.storyboard; sourceTree = "<group>"; };
		E82347FC21A1D6C0000A1A62 /* Info.plist */ = {isa = PBXFileReference; lastKnownFileType = text.plist.xml; path = Info.plist; sourceTree = "<group>"; };
		E825C69623F19684003A0B0D /* CreateLoginVC.swift */ = {isa = PBXFileReference; lastKnownFileType = sourcecode.swift; path = CreateLoginVC.swift; sourceTree = "<group>"; };
		E838F3CA21F687BB0021D0AD /* FirebaseRefrences.swift */ = {isa = PBXFileReference; lastKnownFileType = sourcecode.swift; path = FirebaseRefrences.swift; sourceTree = "<group>"; wrapsLines = 1; };
		E84038CB223541DB00959CD9 /* Notifications.swift */ = {isa = PBXFileReference; lastKnownFileType = sourcecode.swift; path = Notifications.swift; sourceTree = "<group>"; };
		E84667DD23FA1CE600544CE1 /* NotBusinessVC.swift */ = {isa = PBXFileReference; lastKnownFileType = sourcecode.swift; path = NotBusinessVC.swift; sourceTree = "<group>"; };
		E84D685221A9F08C00681D21 /* PostVC.swift */ = {isa = PBXFileReference; lastKnownFileType = sourcecode.swift; path = PostVC.swift; sourceTree = "<group>"; };
		E8589FEF234A971400F1BBDE /* ReportOfferVC.swift */ = {isa = PBXFileReference; lastKnownFileType = sourcecode.swift; path = ReportOfferVC.swift; sourceTree = "<group>"; };
		E866724721FF2C8B00241FB3 /* SignUpVC.swift */ = {isa = PBXFileReference; lastKnownFileType = sourcecode.swift; path = SignUpVC.swift; sourceTree = "<group>"; };
		E86A1E4A21A784C500DCB0D0 /* structs.swift */ = {isa = PBXFileReference; lastKnownFileType = sourcecode.swift; path = structs.swift; sourceTree = "<group>"; };
		E86A1E4C21A797F000DCB0D0 /* Savvy.swift */ = {isa = PBXFileReference; lastKnownFileType = sourcecode.swift; path = Savvy.swift; sourceTree = "<group>"; };
		E86A1E4E21A86CE900DCB0D0 /* RejectedOffersVC.swift */ = {isa = PBXFileReference; lastKnownFileType = sourcecode.swift; path = RejectedOffersVC.swift; sourceTree = "<group>"; };
		E86A1E5021A87C1200DCB0D0 /* global.swift */ = {isa = PBXFileReference; lastKnownFileType = sourcecode.swift; path = global.swift; sourceTree = "<group>"; };
		E86A1E5221A893D100DCB0D0 /* OfferVC.swift */ = {isa = PBXFileReference; lastKnownFileType = sourcecode.swift; path = OfferVC.swift; sourceTree = "<group>"; };
		E86B092521DBF0F30009C45D /* socialPageVC.swift */ = {isa = PBXFileReference; lastKnownFileType = sourcecode.swift; path = socialPageVC.swift; sourceTree = "<group>"; };
		E86B092721DBF8050009C45D /* socialTierVC.swift */ = {isa = PBXFileReference; lastKnownFileType = sourcecode.swift; path = socialTierVC.swift; sourceTree = "<group>"; };
		E86B092921DBF81C0009C45D /* socialCategoryVC.swift */ = {isa = PBXFileReference; lastKnownFileType = sourcecode.swift; path = socialCategoryVC.swift; sourceTree = "<group>"; };
		E86B092B21DBF82F0009C45D /* socialSearchVC.swift */ = {isa = PBXFileReference; lastKnownFileType = sourcecode.swift; path = socialSearchVC.swift; sourceTree = "<group>"; };
		E8721D692436E5580016D2B3 /* OfferMenu.storyboard */ = {isa = PBXFileReference; lastKnownFileType = file.storyboard; path = OfferMenu.storyboard; sourceTree = "<group>"; };
		E8721D6B2436E7C60016D2B3 /* OffersPVC.swift */ = {isa = PBXFileReference; lastKnownFileType = sourcecode.swift; path = OffersPVC.swift; sourceTree = "<group>"; };
		E878729723F6353600B4163B /* BasicInfoVC.swift */ = {isa = PBXFileReference; lastKnownFileType = sourcecode.swift; path = BasicInfoVC.swift; sourceTree = "<group>"; };
		E87C01AA23ED8F9A002B1F9A /* CreateAccountVC.swift */ = {isa = PBXFileReference; lastKnownFileType = sourcecode.swift; path = CreateAccountVC.swift; sourceTree = "<group>"; };
		E87EC2E1236C998C00690037 /* GeolocationTools.swift */ = {isa = PBXFileReference; lastKnownFileType = sourcecode.swift; path = GeolocationTools.swift; sourceTree = "<group>"; };
		E87EC2E3236C9A2900690037 /* SocialAlgorithms.swift */ = {isa = PBXFileReference; lastKnownFileType = sourcecode.swift; path = SocialAlgorithms.swift; sourceTree = "<group>"; };
		E880460423F4272B00A21ABE /* ConnectInstagramVC.swift */ = {isa = PBXFileReference; lastKnownFileType = sourcecode.swift; path = ConnectInstagramVC.swift; sourceTree = "<group>"; };
		E880460623F44BAD00A21ABE /* InstagramConnectedVC.swift */ = {isa = PBXFileReference; lastKnownFileType = sourcecode.swift; path = InstagramConnectedVC.swift; sourceTree = "<group>"; };
		E880460823F4A8FC00A21ABE /* AccountInUseVC.swift */ = {isa = PBXFileReference; lastKnownFileType = sourcecode.swift; path = AccountInUseVC.swift; sourceTree = "<group>"; };
		E88A080F23EDED24000AD3C7 /* SigninVC.swift */ = {isa = PBXFileReference; lastKnownFileType = sourcecode.swift; path = SigninVC.swift; sourceTree = "<group>"; };
		E89480A12236E95C00C809E5 /* categories.swift */ = {isa = PBXFileReference; lastKnownFileType = sourcecode.swift; path = categories.swift; sourceTree = "<group>"; };
		E89584BA23EDBC0200B064F4 /* NewAccount.swift */ = {isa = PBXFileReference; lastKnownFileType = sourcecode.swift; path = NewAccount.swift; sourceTree = "<group>"; };
		E89584BC23EDD44D00B064F4 /* WelcomeVC.swift */ = {isa = PBXFileReference; lastKnownFileType = sourcecode.swift; path = WelcomeVC.swift; sourceTree = "<group>"; };
		E8963EA021F7F16B0047CF99 /* OfferCell.swift */ = {isa = PBXFileReference; lastKnownFileType = sourcecode.swift; path = OfferCell.swift; sourceTree = "<group>"; };
		E8A84AAE222AB3FC00D9E2C9 /* ClassPickerVC.swift */ = {isa = PBXFileReference; lastKnownFileType = sourcecode.swift; path = ClassPickerVC.swift; sourceTree = "<group>"; };
		E8A84AB0222AB40B00D9E2C9 /* CategoryPickerVC.swift */ = {isa = PBXFileReference; lastKnownFileType = sourcecode.swift; path = CategoryPickerVC.swift; sourceTree = "<group>"; };
		E8AAE63A23EC3D7300EC28D4 /* LoginSetup.storyboard */ = {isa = PBXFileReference; lastKnownFileType = file.storyboard; path = LoginSetup.storyboard; sourceTree = "<group>"; };
		E8AAE63C23EC3E0E00EC28D4 /* StandardNC.swift */ = {isa = PBXFileReference; fileEncoding = 4; lastKnownFileType = sourcecode.swift; path = StandardNC.swift; sourceTree = "<group>"; };
		E8C02753220F32C000B79D54 /* BoldButton.swift */ = {isa = PBXFileReference; lastKnownFileType = sourcecode.swift; path = BoldButton.swift; sourceTree = "<group>"; };
		E8C369562216270E00AE12D7 /* ViewProfileVC.swift */ = {isa = PBXFileReference; lastKnownFileType = sourcecode.swift; path = ViewProfileVC.swift; sourceTree = "<group>"; };
		E8C9048B236859A400FB9584 /* TierInfoVC.swift */ = {isa = PBXFileReference; lastKnownFileType = sourcecode.swift; path = TierInfoVC.swift; sourceTree = "<group>"; };
		E8CBD7BD21E29400003B5B02 /* People.swift */ = {isa = PBXFileReference; lastKnownFileType = sourcecode.swift; path = People.swift; sourceTree = "<group>"; };
		E8D4B2472362543100DC0FEA /* FakeSplash.swift */ = {isa = PBXFileReference; lastKnownFileType = sourcecode.swift; path = FakeSplash.swift; sourceTree = "<group>"; };
		E8E84120234CF43C00AA4957 /* StripeConnectionMKWebview.swift */ = {isa = PBXFileReference; fileEncoding = 4; lastKnownFileType = sourcecode.swift; path = StripeConnectionMKWebview.swift; sourceTree = "<group>"; };
		E8E888D82209B78400ECF398 /* VerifedVC.swift */ = {isa = PBXFileReference; lastKnownFileType = sourcecode.swift; path = VerifedVC.swift; sourceTree = "<group>"; };
		E8EF2C77222D786500B2EDC6 /* CategoryPicker.swift */ = {isa = PBXFileReference; lastKnownFileType = sourcecode.swift; path = CategoryPicker.swift; sourceTree = "<group>"; };
		E8EF2C79222DDD6300B2EDC6 /* ZipCodeVC.swift */ = {isa = PBXFileReference; lastKnownFileType = sourcecode.swift; path = ZipCodeVC.swift; sourceTree = "<group>"; };
		E8F9D0AB21AA362500DD1616 /* ProductVC.swift */ = {isa = PBXFileReference; lastKnownFileType = sourcecode.swift; path = ProductVC.swift; sourceTree = "<group>"; };
		E8F9D0AD21AA3FDC00DD1616 /* CompanyVC.swift */ = {isa = PBXFileReference; lastKnownFileType = sourcecode.swift; path = CompanyVC.swift; sourceTree = "<group>"; };
/* End PBXFileReference section */

/* Begin PBXFrameworksBuildPhase section */
		E82347E721A1D6BF000A1A62 /* Frameworks */ = {
			isa = PBXFrameworksBuildPhase;
			buildActionMask = 2147483647;
			files = (
				45493CA670B234DB5D4610BF /* Pods_Ambassadoor.framework in Frameworks */,
			);
			runOnlyForDeploymentPostprocessing = 0;
		};
/* End PBXFrameworksBuildPhase section */

/* Begin PBXGroup section */
		7E29E754DD48467D1A2EBF92 /* Frameworks */ = {
			isa = PBXGroup;
			children = (
				236138913E9C5102B8E1275E /* Pods_Ambassadoor.framework */,
			);
			name = Frameworks;
			sourceTree = "<group>";
		};
		8BDCD69B7C24A92B87512BAA /* Pods */ = {
			isa = PBXGroup;
			children = (
				3C063C7693442ACADF942259 /* Pods-Ambassadoor.debug.xcconfig */,
				0A97662B45396EF7FCF0C532 /* Pods-Ambassadoor.release.xcconfig */,
			);
			name = Pods;
			sourceTree = "<group>";
		};
		C0963EAF220B838F000380C7 /* Extensions */ = {
			isa = PBXGroup;
			children = (
				C0963EB0220B864B000380C7 /* ImageViewExtensions.swift */,
				B7BCE52822E9BB1800666689 /* DateExtension.swift */,
				B7446CC322FD81BB0061983F /* UIViewControllerExtensions.swift */,
				B7D9038123FD30B80004A670 /* StringExtention.swift */,
				B7CAD15A23FEA634005CD144 /* UITextFieldExtension.swift */,
			);
			path = Extensions;
			sourceTree = "<group>";
		};
		E82347E121A1D6BF000A1A62 = {
			isa = PBXGroup;
			children = (
				E82347EC21A1D6BF000A1A62 /* Ambassadoor */,
				E82347EB21A1D6BF000A1A62 /* Products */,
				8BDCD69B7C24A92B87512BAA /* Pods */,
				7E29E754DD48467D1A2EBF92 /* Frameworks */,
			);
			sourceTree = "<group>";
		};
		E82347EB21A1D6BF000A1A62 /* Products */ = {
			isa = PBXGroup;
			children = (
				E82347EA21A1D6BF000A1A62 /* Ambassadoor.app */,
			);
			name = Products;
			sourceTree = "<group>";
		};
		E82347EC21A1D6BF000A1A62 /* Ambassadoor */ = {
			isa = PBXGroup;
			children = (
				B7EA07332382924C0009870E /* Ambassadoor.entitlements */,
				B7EA07342382C4740009870E /* GoogleService-Info.plist */,
				E870FE69236CF491002ABE31 /* View Offer */,
				E870FE68236CF48D002ABE31 /* Model */,
				E870FE67236CF487002ABE31 /* Money */,
				E870FE66236CF47E002ABE31 /* Home */,
				E870FE65236CF46C002ABE31 /* Resources */,
				E870FE64236CF465002ABE31 /* TableviewCells */,
				E870FE63236CF45E002ABE31 /* Helpers */,
				E8A84AAD222AB3D400D9E2C9 /* Category Picker */,
				C0963EAF220B838F000380C7 /* Extensions */,
				E866724621FF2C6B00241FB3 /* Signup */,
				E86B092421DBEF600009C45D /* Social */,
				E870FE62236CF446002ABE31 /* Profile */,
				E8721D682436E53E0016D2B3 /* Simplex Offer Menu */,
				E87BA92123EB65E0008D7628 /* Setup */,
				E82347ED21A1D6BF000A1A62 /* AppDelegate.swift */,
				E8AAE63C23EC3E0E00EC28D4 /* StandardNC.swift */,
				B7FA5F342333789F0088C3FE /* TabBarVC.swift */,
				E82347EF21A1D6BF000A1A62 /* ViewController.swift */,
				B7C4BF0E2302FFE00024C3C3 /* Ambassadoor-Bridging-Header.h */,
				B78D114A2306AF510073F64B /* CustomObject.h */,
				B78D11492306AF500073F64B /* CustomObject.m */,
				E82347F121A1D6BF000A1A62 /* Main.storyboard */,
				E82347F921A1D6C0000A1A62 /* LaunchScreen.storyboard */,
				E82347F721A1D6C0000A1A62 /* Assets.xcassets */,
				E82347FC21A1D6C0000A1A62 /* Info.plist */,
				E82347F421A1D6BF000A1A62 /* Ambassadoor.xcdatamodeld */,
				B73F09892329294D00CD6B00 /* DwollaCustomerInformation.swift */,
			);
			path = Ambassadoor;
			sourceTree = "<group>";
		};
		E84E753A23F5A5B900820F7D /* Connect Instagram */ = {
			isa = PBXGroup;
			children = (
				E880460423F4272B00A21ABE /* ConnectInstagramVC.swift */,
				E880460623F44BAD00A21ABE /* InstagramConnectedVC.swift */,
				E880460823F4A8FC00A21ABE /* AccountInUseVC.swift */,
				E84667DD23FA1CE600544CE1 /* NotBusinessVC.swift */,
			);
			path = "Connect Instagram";
			sourceTree = "<group>";
		};
		E866724621FF2C6B00241FB3 /* Signup */ = {
			isa = PBXGroup;
			children = (
				E866724721FF2C8B00241FB3 /* SignUpVC.swift */,
				C0D7364422067AE500A84EB7 /* InstagramVC.swift */,
				E8E888D82209B78400ECF398 /* VerifedVC.swift */,
				B7422E6622FC03510076F076 /* OtherInfoVC.swift */,
				B71A90F3233258D4002B6F1A /* WebViewVC.swift */,
				E80709472361C84400A48827 /* CategoryExplanation.swift */,
			);
			path = Signup;
			sourceTree = "<group>";
		};
		E86B092421DBEF600009C45D /* Social */ = {
			isa = PBXGroup;
			children = (
				E86B092721DBF8050009C45D /* socialTierVC.swift */,
				E86B092921DBF81C0009C45D /* socialCategoryVC.swift */,
				E86B092B21DBF82F0009C45D /* socialSearchVC.swift */,
				E86B092521DBF0F30009C45D /* socialPageVC.swift */,
				E8C369562216270E00AE12D7 /* ViewProfileVC.swift */,
				E8164F6122249ACC0084CCF9 /* StatVC.swift */,
				E87EC2E3236C9A2900690037 /* SocialAlgorithms.swift */,
			);
			path = Social;
			sourceTree = "<group>";
		};
		E870FE62236CF446002ABE31 /* Profile */ = {
			isa = PBXGroup;
			children = (
				E81DE120222AF39D00880D41 /* ProfileVC.swift */,
				E8EF2C79222DDD6300B2EDC6 /* ZipCodeVC.swift */,
				E8C9048B236859A400FB9584 /* TierInfoVC.swift */,
				B7460DEC237435C000D74EF2 /* OfferHistoryVC.swift */,
			);
			path = Profile;
			sourceTree = "<group>";
		};
		E870FE63236CF45E002ABE31 /* Helpers */ = {
			isa = PBXGroup;
			children = (
				B73F098523291B3100CD6B00 /* APIManager.swift */,
				B7B97D71233DE84C0028E7E2 /* NetworkReachability.swift */,
			);
			path = Helpers;
			sourceTree = "<group>";
		};
		E870FE64236CF465002ABE31 /* TableviewCells */ = {
			isa = PBXGroup;
			children = (
				B7D42094232A7AB1009F0FCE /* ConnectedPlaidTVCell.swift */,
			);
			path = TableviewCells;
			sourceTree = "<group>";
		};
		E870FE65236CF46C002ABE31 /* Resources */ = {
			isa = PBXGroup;
			children = (
				E8C02753220F32C000B79D54 /* BoldButton.swift */,
				E84038CB223541DB00959CD9 /* Notifications.swift */,
				E8D4B2472362543100DC0FEA /* FakeSplash.swift */,
			);
			path = Resources;
			sourceTree = "<group>";
		};
		E870FE66236CF47E002ABE31 /* Home */ = {
			isa = PBXGroup;
			children = (
				E80FD4FC21A4B8AB003AF50B /* HomeVC.swift */,
				E86A1E4E21A86CE900DCB0D0 /* RejectedOffersVC.swift */,
				E80FD4FE21A4F1E4003AF50B /* PageVC.swift */,
				E80AB86B21B1F9E000D9B546 /* inProgressVC.swift */,
				E8963EA021F7F16B0047CF99 /* OfferCell.swift */,
			);
			path = Home;
			sourceTree = "<group>";
		};
		E870FE67236CF487002ABE31 /* Money */ = {
			isa = PBXGroup;
			children = (
				E8109EEB21AEE818008882B1 /* MoneyVC.swift */,
				E8109EED21AF6BA8008882B1 /* WithdrawVC.swift */,
				B7E86AEF230EA46E00F60E8F /* BankListVC.swift */,
				B73F098723291DA000CD6B00 /* DwollaUserInformationVC.swift */,
				B7D4209A232AA94F009F0FCE /* TransactionListVC.swift */,
				B7FB2885233A1E4700980F17 /* PaymentSentVC.swift */,
				E8E84120234CF43C00AA4957 /* StripeConnectionMKWebview.swift */,
			);
			path = Money;
			sourceTree = "<group>";
		};
		E870FE68236CF48D002ABE31 /* Model */ = {
			isa = PBXGroup;
			children = (
				C0D73642220676CF00A84EB7 /* InstagramAPI.swift */,
				E86A1E4A21A784C500DCB0D0 /* structs.swift */,
				E89480A12236E95C00C809E5 /* categories.swift */,
				E86A1E4C21A797F000DCB0D0 /* Savvy.swift */,
				E86A1E5021A87C1200DCB0D0 /* global.swift */,
				E80AB86921B18A6400D9B546 /* GlobalTimeSync.swift */,
				E8CBD7BD21E29400003B5B02 /* People.swift */,
				E838F3CA21F687BB0021D0AD /* FirebaseRefrences.swift */,
				E87EC2E1236C998C00690037 /* GeolocationTools.swift */,
			);
			path = Model;
			sourceTree = "<group>";
		};
		E870FE69236CF491002ABE31 /* View Offer */ = {
			isa = PBXGroup;
			children = (
				E86A1E5221A893D100DCB0D0 /* OfferVC.swift */,
				B7FA5F3623339F700088C3FE /* OfferAcceptConfirmVC.swift */,
				E8F9D0AD21AA3FDC00DD1616 /* CompanyVC.swift */,
				E84D685221A9F08C00681D21 /* PostVC.swift */,
				E8F9D0AB21AA362500DD1616 /* ProductVC.swift */,
				E80AB86721B0DA0D00D9B546 /* ViewOfferNC.swift */,
				E8589FEF234A971400F1BBDE /* ReportOfferVC.swift */,
			);
			path = "View Offer";
			sourceTree = "<group>";
		};
		E8721D682436E53E0016D2B3 /* Simplex Offer Menu */ = {
			isa = PBXGroup;
			children = (
				E8721D692436E5580016D2B3 /* OfferMenu.storyboard */,
				E8721D6B2436E7C60016D2B3 /* OffersPVC.swift */,
			);
			path = "Simplex Offer Menu";
			sourceTree = "<group>";
		};
		E87BA92123EB65E0008D7628 /* Setup */ = {
			isa = PBXGroup;
			children = (
				E84E753A23F5A5B900820F7D /* Connect Instagram */,
				E8AAE63A23EC3D7300EC28D4 /* LoginSetup.storyboard */,
				E87C01AA23ED8F9A002B1F9A /* CreateAccountVC.swift */,
				E89584BA23EDBC0200B064F4 /* NewAccount.swift */,
				E89584BC23EDD44D00B064F4 /* WelcomeVC.swift */,
				E88A080F23EDED24000AD3C7 /* SigninVC.swift */,
				E825C69623F19684003A0B0D /* CreateLoginVC.swift */,
				E8128C4F23F36A1800703195 /* ResetPasswordVC.swift */,
				B7CAD15C23FEAB5D005CD144 /* SetPasswordVC.swift */,
				B7CAD15823FE8019005CD144 /* VerifyOTPVC.swift */,
				E878729723F6353600B4163B /* BasicInfoVC.swift */,
			);
			path = Setup;
			sourceTree = "<group>";
		};
		E8A84AAD222AB3D400D9E2C9 /* Category Picker */ = {
			isa = PBXGroup;
			children = (
				E8A84AAE222AB3FC00D9E2C9 /* ClassPickerVC.swift */,
				E8A84AB0222AB40B00D9E2C9 /* CategoryPickerVC.swift */,
				E8EF2C77222D786500B2EDC6 /* CategoryPicker.swift */,
			);
			path = "Category Picker";
			sourceTree = "<group>";
		};
/* End PBXGroup section */

/* Begin PBXNativeTarget section */
		E82347E921A1D6BF000A1A62 /* Ambassadoor */ = {
			isa = PBXNativeTarget;
			buildConfigurationList = E82347FF21A1D6C0000A1A62 /* Build configuration list for PBXNativeTarget "Ambassadoor" */;
			buildPhases = (
				E522670BDF9303C8248A1198 /* [CP] Check Pods Manifest.lock */,
				E82347E621A1D6BF000A1A62 /* Sources */,
				E82347E721A1D6BF000A1A62 /* Frameworks */,
				E82347E821A1D6BF000A1A62 /* Resources */,
				233188C24CB68CA73AD25D62 /* [CP] Embed Pods Frameworks */,
			);
			buildRules = (
			);
			dependencies = (
			);
			name = Ambassadoor;
			productName = Ambassadoor;
			productReference = E82347EA21A1D6BF000A1A62 /* Ambassadoor.app */;
			productType = "com.apple.product-type.application";
		};
/* End PBXNativeTarget section */

/* Begin PBXProject section */
		E82347E221A1D6BF000A1A62 /* Project object */ = {
			isa = PBXProject;
			attributes = {
				LastSwiftUpdateCheck = 1010;
				LastUpgradeCheck = 1010;
				ORGANIZATIONNAME = "Tesseract Freelance, LLC";
				TargetAttributes = {
					E82347E921A1D6BF000A1A62 = {
						CreatedOnToolsVersion = 10.1;
						LastSwiftMigration = 1100;
						SystemCapabilities = {
							com.apple.BackgroundModes = {
								enabled = 0;
							};
							com.apple.Push = {
								enabled = 0;
							};
						};
					};
				};
			};
			buildConfigurationList = E82347E521A1D6BF000A1A62 /* Build configuration list for PBXProject "Ambassadoor" */;
			compatibilityVersion = "Xcode 9.3";
			developmentRegion = en;
			hasScannedForEncodings = 0;
			knownRegions = (
				en,
				Base,
			);
			mainGroup = E82347E121A1D6BF000A1A62;
			productRefGroup = E82347EB21A1D6BF000A1A62 /* Products */;
			projectDirPath = "";
			projectRoot = "";
			targets = (
				E82347E921A1D6BF000A1A62 /* Ambassadoor */,
			);
		};
/* End PBXProject section */

/* Begin PBXResourcesBuildPhase section */
		E82347E821A1D6BF000A1A62 /* Resources */ = {
			isa = PBXResourcesBuildPhase;
			buildActionMask = 2147483647;
			files = (
				E82347FB21A1D6C0000A1A62 /* LaunchScreen.storyboard in Resources */,
				B7EA07352382C4740009870E /* GoogleService-Info.plist in Resources */,
				E8721D6A2436E5580016D2B3 /* OfferMenu.storyboard in Resources */,
				E8AAE63B23EC3D7300EC28D4 /* LoginSetup.storyboard in Resources */,
				E82347F821A1D6C0000A1A62 /* Assets.xcassets in Resources */,
				E82347F321A1D6BF000A1A62 /* Main.storyboard in Resources */,
			);
			runOnlyForDeploymentPostprocessing = 0;
		};
/* End PBXResourcesBuildPhase section */

/* Begin PBXShellScriptBuildPhase section */
		233188C24CB68CA73AD25D62 /* [CP] Embed Pods Frameworks */ = {
			isa = PBXShellScriptBuildPhase;
			buildActionMask = 2147483647;
			files = (
			);
			inputFileListPaths = (
				"${PODS_ROOT}/Target Support Files/Pods-Ambassadoor/Pods-Ambassadoor-frameworks-${CONFIGURATION}-input-files.xcfilelist",
			);
			name = "[CP] Embed Pods Frameworks";
			outputFileListPaths = (
				"${PODS_ROOT}/Target Support Files/Pods-Ambassadoor/Pods-Ambassadoor-frameworks-${CONFIGURATION}-output-files.xcfilelist",
			);
			runOnlyForDeploymentPostprocessing = 0;
			shellPath = /bin/sh;
			shellScript = "\"${PODS_ROOT}/Target Support Files/Pods-Ambassadoor/Pods-Ambassadoor-frameworks.sh\"\n";
			showEnvVarsInLog = 0;
		};
		E522670BDF9303C8248A1198 /* [CP] Check Pods Manifest.lock */ = {
			isa = PBXShellScriptBuildPhase;
			buildActionMask = 2147483647;
			files = (
			);
			inputPaths = (
				"${PODS_PODFILE_DIR_PATH}/Podfile.lock",
				"${PODS_ROOT}/Manifest.lock",
			);
			name = "[CP] Check Pods Manifest.lock";
			outputPaths = (
				"$(DERIVED_FILE_DIR)/Pods-Ambassadoor-checkManifestLockResult.txt",
			);
			runOnlyForDeploymentPostprocessing = 0;
			shellPath = /bin/sh;
			shellScript = "diff \"${PODS_PODFILE_DIR_PATH}/Podfile.lock\" \"${PODS_ROOT}/Manifest.lock\" > /dev/null\nif [ $? != 0 ] ; then\n    # print error to STDERR\n    echo \"error: The sandbox is not in sync with the Podfile.lock. Run 'pod install' or update your CocoaPods installation.\" >&2\n    exit 1\nfi\n# This output is used by Xcode 'outputs' to avoid re-running this script phase.\necho \"SUCCESS\" > \"${SCRIPT_OUTPUT_FILE_0}\"\n";
			showEnvVarsInLog = 0;
		};
/* End PBXShellScriptBuildPhase section */

/* Begin PBXSourcesBuildPhase section */
		E82347E621A1D6BF000A1A62 /* Sources */ = {
			isa = PBXSourcesBuildPhase;
			buildActionMask = 2147483647;
			files = (
				E8589FF0234A971400F1BBDE /* ReportOfferVC.swift in Sources */,
				B7D9038223FD30B80004A670 /* StringExtention.swift in Sources */,
				B7FA5F3723339F700088C3FE /* OfferAcceptConfirmVC.swift in Sources */,
				B7B97D72233DE84C0028E7E2 /* NetworkReachability.swift in Sources */,
				E880460923F4A8FC00A21ABE /* AccountInUseVC.swift in Sources */,
				B73F098623291B3100CD6B00 /* APIManager.swift in Sources */,
				B7460DED237435C000D74EF2 /* OfferHistoryVC.swift in Sources */,
				B7CAD15B23FEA634005CD144 /* UITextFieldExtension.swift in Sources */,
				E8721D6C2436E7C60016D2B3 /* OffersPVC.swift in Sources */,
				E89584BD23EDD44D00B064F4 /* WelcomeVC.swift in Sources */,
				E8C9048C236859A400FB9584 /* TierInfoVC.swift in Sources */,
				B7E86AF0230EA46E00F60E8F /* BankListVC.swift in Sources */,
				E8E84121234CF43D00AA4957 /* StripeConnectionMKWebview.swift in Sources */,
				E8109EEE21AF6BA8008882B1 /* WithdrawVC.swift in Sources */,
				E8E888D92209B78400ECF398 /* VerifedVC.swift in Sources */,
				E8128C5023F36A1800703195 /* ResetPasswordVC.swift in Sources */,
				B7D42095232A7AB1009F0FCE /* ConnectedPlaidTVCell.swift in Sources */,
				E86B092821DBF8050009C45D /* socialTierVC.swift in Sources */,
				B71A90F4233258D9002B6F1A /* WebViewVC.swift in Sources */,
				E8EF2C7A222DDD6300B2EDC6 /* ZipCodeVC.swift in Sources */,
				E8F9D0AC21AA362500DD1616 /* ProductVC.swift in Sources */,
				E84667DE23FA1CE600544CE1 /* NotBusinessVC.swift in Sources */,
				E80709482361C84400A48827 /* CategoryExplanation.swift in Sources */,
				B7422E6722FC03510076F076 /* OtherInfoVC.swift in Sources */,
				E82347F021A1D6BF000A1A62 /* ViewController.swift in Sources */,
				E878729823F6353600B4163B /* BasicInfoVC.swift in Sources */,
				E80AB86A21B18A6400D9B546 /* GlobalTimeSync.swift in Sources */,
				E80FD4FF21A4F1E4003AF50B /* PageVC.swift in Sources */,
				E8F9D0AE21AA3FDC00DD1616 /* CompanyVC.swift in Sources */,
				E86A1E4B21A784C500DCB0D0 /* structs.swift in Sources */,
				E880460523F4272B00A21ABE /* ConnectInstagramVC.swift in Sources */,
				C0D7364522067AE500A84EB7 /* InstagramVC.swift in Sources */,
				E838F3CB21F687BB0021D0AD /* FirebaseRefrences.swift in Sources */,
				E86A1E5121A87C1200DCB0D0 /* global.swift in Sources */,
				E81DE121222AF39D00880D41 /* ProfileVC.swift in Sources */,
				E8A84AB1222AB40B00D9E2C9 /* CategoryPickerVC.swift in Sources */,
				C0D73643220676CF00A84EB7 /* InstagramAPI.swift in Sources */,
				E8C02754220F32C000B79D54 /* BoldButton.swift in Sources */,
				E88A081023EDED24000AD3C7 /* SigninVC.swift in Sources */,
				B7FA5F352333789F0088C3FE /* TabBarVC.swift in Sources */,
				B7D4209B232AA94F009F0FCE /* TransactionListVC.swift in Sources */,
				E825C69723F19684003A0B0D /* CreateLoginVC.swift in Sources */,
				B7BCE52922E9BB1800666689 /* DateExtension.swift in Sources */,
				E89480A22236E95C00C809E5 /* categories.swift in Sources */,
				E866724821FF2C8B00241FB3 /* SignUpVC.swift in Sources */,
				E80FD4FD21A4B8AB003AF50B /* HomeVC.swift in Sources */,
				E86A1E4D21A797F000DCB0D0 /* Savvy.swift in Sources */,
				B7CAD15923FE8019005CD144 /* VerifyOTPVC.swift in Sources */,
				E84038CC223541DB00959CD9 /* Notifications.swift in Sources */,
				B7CAD15D23FEAB5D005CD144 /* SetPasswordVC.swift in Sources */,
				E84D685321A9F08C00681D21 /* PostVC.swift in Sources */,
				B7446CC422FD81BC0061983F /* UIViewControllerExtensions.swift in Sources */,
				E87EC2E4236C9A2900690037 /* SocialAlgorithms.swift in Sources */,
				E80AB86821B0DA0D00D9B546 /* ViewOfferNC.swift in Sources */,
				B73F098823291DA000CD6B00 /* DwollaUserInformationVC.swift in Sources */,
				E880460723F44BAD00A21ABE /* InstagramConnectedVC.swift in Sources */,
				E8C369572216270E00AE12D7 /* ViewProfileVC.swift in Sources */,
				B7FB2886233A1E4700980F17 /* PaymentSentVC.swift in Sources */,
				E86A1E4F21A86CE900DCB0D0 /* RejectedOffersVC.swift in Sources */,
				E8AAE63D23EC3E0E00EC28D4 /* StandardNC.swift in Sources */,
				E82347EE21A1D6BF000A1A62 /* AppDelegate.swift in Sources */,
				E8EF2C78222D786500B2EDC6 /* CategoryPicker.swift in Sources */,
				B73F098A2329294D00CD6B00 /* DwollaCustomerInformation.swift in Sources */,
				C0963EB1220B864B000380C7 /* ImageViewExtensions.swift in Sources */,
				E8D4B2482362543100DC0FEA /* FakeSplash.swift in Sources */,
				E8A84AAF222AB3FC00D9E2C9 /* ClassPickerVC.swift in Sources */,
				E86B092A21DBF81C0009C45D /* socialCategoryVC.swift in Sources */,
				E89584BB23EDBC0200B064F4 /* NewAccount.swift in Sources */,
				E87C01AB23ED8F9A002B1F9A /* CreateAccountVC.swift in Sources */,
				E86B092C21DBF82F0009C45D /* socialSearchVC.swift in Sources */,
				E8109EEC21AEE818008882B1 /* MoneyVC.swift in Sources */,
				E86B092621DBF0F30009C45D /* socialPageVC.swift in Sources */,
				E8164F6222249ACC0084CCF9 /* StatVC.swift in Sources */,
				E87EC2E2236C998C00690037 /* GeolocationTools.swift in Sources */,
				E82347F621A1D6BF000A1A62 /* Ambassadoor.xcdatamodeld in Sources */,
				E8CBD7BE21E29400003B5B02 /* People.swift in Sources */,
				E8963EA121F7F16B0047CF99 /* OfferCell.swift in Sources */,
				E80AB86C21B1F9E000D9B546 /* inProgressVC.swift in Sources */,
				E86A1E5321A893D100DCB0D0 /* OfferVC.swift in Sources */,
				B78D114B2306AF510073F64B /* CustomObject.m in Sources */,
			);
			runOnlyForDeploymentPostprocessing = 0;
		};
/* End PBXSourcesBuildPhase section */

/* Begin PBXVariantGroup section */
		E82347F121A1D6BF000A1A62 /* Main.storyboard */ = {
			isa = PBXVariantGroup;
			children = (
				E82347F221A1D6BF000A1A62 /* Base */,
			);
			name = Main.storyboard;
			sourceTree = "<group>";
		};
		E82347F921A1D6C0000A1A62 /* LaunchScreen.storyboard */ = {
			isa = PBXVariantGroup;
			children = (
				E82347FA21A1D6C0000A1A62 /* Base */,
			);
			name = LaunchScreen.storyboard;
			sourceTree = "<group>";
		};
/* End PBXVariantGroup section */

/* Begin XCBuildConfiguration section */
		E82347FD21A1D6C0000A1A62 /* Debug */ = {
			isa = XCBuildConfiguration;
			buildSettings = {
				ALWAYS_SEARCH_USER_PATHS = NO;
				CLANG_ANALYZER_NONNULL = YES;
				CLANG_ANALYZER_NUMBER_OBJECT_CONVERSION = YES_AGGRESSIVE;
				CLANG_CXX_LANGUAGE_STANDARD = "gnu++14";
				CLANG_CXX_LIBRARY = "libc++";
				CLANG_ENABLE_MODULES = YES;
				CLANG_ENABLE_OBJC_ARC = YES;
				CLANG_ENABLE_OBJC_WEAK = YES;
				CLANG_WARN_BLOCK_CAPTURE_AUTORELEASING = YES;
				CLANG_WARN_BOOL_CONVERSION = YES;
				CLANG_WARN_COMMA = YES;
				CLANG_WARN_CONSTANT_CONVERSION = YES;
				CLANG_WARN_DEPRECATED_OBJC_IMPLEMENTATIONS = YES;
				CLANG_WARN_DIRECT_OBJC_ISA_USAGE = YES_ERROR;
				CLANG_WARN_DOCUMENTATION_COMMENTS = YES;
				CLANG_WARN_EMPTY_BODY = YES;
				CLANG_WARN_ENUM_CONVERSION = YES;
				CLANG_WARN_INFINITE_RECURSION = YES;
				CLANG_WARN_INT_CONVERSION = YES;
				CLANG_WARN_NON_LITERAL_NULL_CONVERSION = YES;
				CLANG_WARN_OBJC_IMPLICIT_RETAIN_SELF = YES;
				CLANG_WARN_OBJC_LITERAL_CONVERSION = YES;
				CLANG_WARN_OBJC_ROOT_CLASS = YES_ERROR;
				CLANG_WARN_RANGE_LOOP_ANALYSIS = YES;
				CLANG_WARN_STRICT_PROTOTYPES = YES;
				CLANG_WARN_SUSPICIOUS_MOVE = YES;
				CLANG_WARN_UNGUARDED_AVAILABILITY = YES_AGGRESSIVE;
				CLANG_WARN_UNREACHABLE_CODE = YES;
				CLANG_WARN__DUPLICATE_METHOD_MATCH = YES;
				CODE_SIGN_IDENTITY = "iPhone Developer: Marco Gonzalez (7D4GHWA4CW)";
				COPY_PHASE_STRIP = NO;
				DEBUG_INFORMATION_FORMAT = dwarf;
				DEVELOPMENT_TEAM = F4W3LUKZFA;
				ENABLE_STRICT_OBJC_MSGSEND = YES;
				ENABLE_TESTABILITY = YES;
				GCC_C_LANGUAGE_STANDARD = gnu11;
				GCC_DYNAMIC_NO_PIC = NO;
				GCC_NO_COMMON_BLOCKS = YES;
				GCC_OPTIMIZATION_LEVEL = 0;
				GCC_PREPROCESSOR_DEFINITIONS = (
					"DEBUG=1",
					"$(inherited)",
				);
				GCC_WARN_64_TO_32_BIT_CONVERSION = YES;
				GCC_WARN_ABOUT_RETURN_TYPE = YES_ERROR;
				GCC_WARN_UNDECLARED_SELECTOR = YES;
				GCC_WARN_UNINITIALIZED_AUTOS = YES_AGGRESSIVE;
				GCC_WARN_UNUSED_FUNCTION = YES;
				GCC_WARN_UNUSED_VARIABLE = YES;
				IPHONEOS_DEPLOYMENT_TARGET = 11.0;
				MTL_ENABLE_DEBUG_INFO = INCLUDE_SOURCE;
				MTL_FAST_MATH = YES;
				ONLY_ACTIVE_ARCH = YES;
				SDKROOT = iphoneos;
				SWIFT_ACTIVE_COMPILATION_CONDITIONS = DEBUG;
				SWIFT_OPTIMIZATION_LEVEL = "-Onone";
			};
			name = Debug;
		};
		E82347FE21A1D6C0000A1A62 /* Release */ = {
			isa = XCBuildConfiguration;
			buildSettings = {
				ALWAYS_SEARCH_USER_PATHS = NO;
				CLANG_ANALYZER_NONNULL = YES;
				CLANG_ANALYZER_NUMBER_OBJECT_CONVERSION = YES_AGGRESSIVE;
				CLANG_CXX_LANGUAGE_STANDARD = "gnu++14";
				CLANG_CXX_LIBRARY = "libc++";
				CLANG_ENABLE_MODULES = YES;
				CLANG_ENABLE_OBJC_ARC = YES;
				CLANG_ENABLE_OBJC_WEAK = YES;
				CLANG_WARN_BLOCK_CAPTURE_AUTORELEASING = YES;
				CLANG_WARN_BOOL_CONVERSION = YES;
				CLANG_WARN_COMMA = YES;
				CLANG_WARN_CONSTANT_CONVERSION = YES;
				CLANG_WARN_DEPRECATED_OBJC_IMPLEMENTATIONS = YES;
				CLANG_WARN_DIRECT_OBJC_ISA_USAGE = YES_ERROR;
				CLANG_WARN_DOCUMENTATION_COMMENTS = YES;
				CLANG_WARN_EMPTY_BODY = YES;
				CLANG_WARN_ENUM_CONVERSION = YES;
				CLANG_WARN_INFINITE_RECURSION = YES;
				CLANG_WARN_INT_CONVERSION = YES;
				CLANG_WARN_NON_LITERAL_NULL_CONVERSION = YES;
				CLANG_WARN_OBJC_IMPLICIT_RETAIN_SELF = YES;
				CLANG_WARN_OBJC_LITERAL_CONVERSION = YES;
				CLANG_WARN_OBJC_ROOT_CLASS = YES_ERROR;
				CLANG_WARN_RANGE_LOOP_ANALYSIS = YES;
				CLANG_WARN_STRICT_PROTOTYPES = YES;
				CLANG_WARN_SUSPICIOUS_MOVE = YES;
				CLANG_WARN_UNGUARDED_AVAILABILITY = YES_AGGRESSIVE;
				CLANG_WARN_UNREACHABLE_CODE = YES;
				CLANG_WARN__DUPLICATE_METHOD_MATCH = YES;
				CODE_SIGN_IDENTITY = "iPhone Developer: Marco Gonzalez (7D4GHWA4CW)";
				COPY_PHASE_STRIP = NO;
				DEBUG_INFORMATION_FORMAT = "dwarf-with-dsym";
				DEVELOPMENT_TEAM = F4W3LUKZFA;
				ENABLE_NS_ASSERTIONS = NO;
				ENABLE_STRICT_OBJC_MSGSEND = YES;
				GCC_C_LANGUAGE_STANDARD = gnu11;
				GCC_NO_COMMON_BLOCKS = YES;
				GCC_WARN_64_TO_32_BIT_CONVERSION = YES;
				GCC_WARN_ABOUT_RETURN_TYPE = YES_ERROR;
				GCC_WARN_UNDECLARED_SELECTOR = YES;
				GCC_WARN_UNINITIALIZED_AUTOS = YES_AGGRESSIVE;
				GCC_WARN_UNUSED_FUNCTION = YES;
				GCC_WARN_UNUSED_VARIABLE = YES;
				IPHONEOS_DEPLOYMENT_TARGET = 11.0;
				MTL_ENABLE_DEBUG_INFO = NO;
				MTL_FAST_MATH = YES;
				SDKROOT = iphoneos;
				SWIFT_COMPILATION_MODE = wholemodule;
				SWIFT_OPTIMIZATION_LEVEL = "-O";
				VALIDATE_PRODUCT = YES;
			};
			name = Release;
		};
		E823480021A1D6C0000A1A62 /* Debug */ = {
			isa = XCBuildConfiguration;
			baseConfigurationReference = 3C063C7693442ACADF942259 /* Pods-Ambassadoor.debug.xcconfig */;
			buildSettings = {
				ASSETCATALOG_COMPILER_APPICON_NAME = AppIconwGradient;
				CLANG_ENABLE_MODULES = YES;
				CODE_SIGN_ENTITLEMENTS = Ambassadoor/Ambassadoor.entitlements;
				CODE_SIGN_IDENTITY = "Apple Development";
				CODE_SIGN_STYLE = Automatic;
				CURRENT_PROJECT_VERSION = 3;
				DEVELOPMENT_TEAM = F4W3LUKZFA;
				INFOPLIST_FILE = Ambassadoor/Info.plist;
				IPHONEOS_DEPLOYMENT_TARGET = 11.0;
				LD_RUNPATH_SEARCH_PATHS = (
					"$(inherited)",
					"@executable_path/Frameworks",
				);
				MARKETING_VERSION = 1.2.6;
				PRODUCT_BUNDLE_IDENTIFIER = com.ambassadoor.influencer;
				PRODUCT_NAME = "$(TARGET_NAME)";
				PROVISIONING_PROFILE_SPECIFIER = "";
				SWIFT_OBJC_BRIDGING_HEADER = "Ambassadoor/Ambassadoor-Bridging-Header.h";
				SWIFT_OPTIMIZATION_LEVEL = "-Onone";
				SWIFT_VERSION = 5.0;
				TARGETED_DEVICE_FAMILY = 1;
			};
			name = Debug;
		};
		E823480121A1D6C0000A1A62 /* Release */ = {
			isa = XCBuildConfiguration;
			baseConfigurationReference = 0A97662B45396EF7FCF0C532 /* Pods-Ambassadoor.release.xcconfig */;
			buildSettings = {
				ASSETCATALOG_COMPILER_APPICON_NAME = AppIconwGradient;
				CLANG_ENABLE_MODULES = YES;
				CODE_SIGN_ENTITLEMENTS = Ambassadoor/Ambassadoor.entitlements;
				CODE_SIGN_IDENTITY = "Apple Development";
				CODE_SIGN_STYLE = Automatic;
				CURRENT_PROJECT_VERSION = 3;
				DEVELOPMENT_TEAM = F4W3LUKZFA;
				INFOPLIST_FILE = Ambassadoor/Info.plist;
				IPHONEOS_DEPLOYMENT_TARGET = 11.0;
				LD_RUNPATH_SEARCH_PATHS = (
					"$(inherited)",
					"@executable_path/Frameworks",
				);
				MARKETING_VERSION = 1.2.6;
				PRODUCT_BUNDLE_IDENTIFIER = com.ambassadoor.influencer;
				PRODUCT_NAME = "$(TARGET_NAME)";
				PROVISIONING_PROFILE_SPECIFIER = "";
				SWIFT_OBJC_BRIDGING_HEADER = "Ambassadoor/Ambassadoor-Bridging-Header.h";
				SWIFT_VERSION = 5.0;
				TARGETED_DEVICE_FAMILY = 1;
			};
			name = Release;
		};
/* End XCBuildConfiguration section */

/* Begin XCConfigurationList section */
		E82347E521A1D6BF000A1A62 /* Build configuration list for PBXProject "Ambassadoor" */ = {
			isa = XCConfigurationList;
			buildConfigurations = (
				E82347FD21A1D6C0000A1A62 /* Debug */,
				E82347FE21A1D6C0000A1A62 /* Release */,
			);
			defaultConfigurationIsVisible = 0;
			defaultConfigurationName = Release;
		};
		E82347FF21A1D6C0000A1A62 /* Build configuration list for PBXNativeTarget "Ambassadoor" */ = {
			isa = XCConfigurationList;
			buildConfigurations = (
				E823480021A1D6C0000A1A62 /* Debug */,
				E823480121A1D6C0000A1A62 /* Release */,
			);
			defaultConfigurationIsVisible = 0;
			defaultConfigurationName = Release;
		};
/* End XCConfigurationList section */

/* Begin XCVersionGroup section */
		E82347F421A1D6BF000A1A62 /* Ambassadoor.xcdatamodeld */ = {
			isa = XCVersionGroup;
			children = (
				E82347F521A1D6BF000A1A62 /* Ambassadoor.xcdatamodel */,
			);
			currentVersion = E82347F521A1D6BF000A1A62 /* Ambassadoor.xcdatamodel */;
			path = Ambassadoor.xcdatamodeld;
			sourceTree = "<group>";
			versionGroupType = wrapper.xcdatamodel;
		};
/* End XCVersionGroup section */
	};
	rootObject = E82347E221A1D6BF000A1A62 /* Project object */;
}
