// !$*UTF8*$!
{
	archiveVersion = 1;
	classes = {
	};
	objectVersion = 51;
	objects = {

/* Begin PBXBuildFile section */
		45493CA670B234DB5D4610BF /* Pods_Ambassadoor.framework in Frameworks */ = {isa = PBXBuildFile; fileRef = 236138913E9C5102B8E1275E /* Pods_Ambassadoor.framework */; };
		B71A90F4233258D9002B6F1A /* WebViewVC.swift in Sources */ = {isa = PBXBuildFile; fileRef = B71A90F3233258D4002B6F1A /* WebViewVC.swift */; };
		B71BE92F250FA54C0009A242 /* ReferralInfoVC.swift in Sources */ = {isa = PBXBuildFile; fileRef = B71BE92E250FA54C0009A242 /* ReferralInfoVC.swift */; };
		B7261DAB24EE420200BB2B29 /* ConnectStepsVC.swift in Sources */ = {isa = PBXBuildFile; fileRef = B7261DAA24EE420200BB2B29 /* ConnectStepsVC.swift */; };
		B7263285243F16D000202DFB /* InProgressVC.swift in Sources */ = {isa = PBXBuildFile; fileRef = B7263284243F16D000202DFB /* InProgressVC.swift */; };
		B73F098623291B3100CD6B00 /* APIManager.swift in Sources */ = {isa = PBXBuildFile; fileRef = B73F098523291B3100CD6B00 /* APIManager.swift */; };
		B73F098823291DA000CD6B00 /* DwollaUserInformationVC.swift in Sources */ = {isa = PBXBuildFile; fileRef = B73F098723291DA000CD6B00 /* DwollaUserInformationVC.swift */; };
		B73F098A2329294D00CD6B00 /* DwollaCustomerInformation.swift in Sources */ = {isa = PBXBuildFile; fileRef = B73F09892329294D00CD6B00 /* DwollaCustomerInformation.swift */; };
		B7422E6722FC03510076F076 /* OtherInfoVC.swift in Sources */ = {isa = PBXBuildFile; fileRef = B7422E6622FC03510076F076 /* OtherInfoVC.swift */; };
		B7446CC422FD81BC0061983F /* UIViewControllerExtensions.swift in Sources */ = {isa = PBXBuildFile; fileRef = B7446CC322FD81BB0061983F /* UIViewControllerExtensions.swift */; };
		B7460DED237435C000D74EF2 /* OfferHistoryVC.swift in Sources */ = {isa = PBXBuildFile; fileRef = B7460DEC237435C000D74EF2 /* OfferHistoryVC.swift */; };
		B753BDD9245BDDD6009DFEBF /* TempLaunch.storyboard in Resources */ = {isa = PBXBuildFile; fileRef = B753BDD8245BDDD6009DFEBF /* TempLaunch.storyboard */; };
		B775F9D42521B2F1001C5787 /* AppOpenW.mp4 in Resources */ = {isa = PBXBuildFile; fileRef = B775F9D32521B2F1001C5787 /* AppOpenW.mp4 */; };
		B775F9D62521BE45001C5787 /* ConnectInstagramPVC.swift in Sources */ = {isa = PBXBuildFile; fileRef = B775F9D52521BE45001C5787 /* ConnectInstagramPVC.swift */; };
		B775F9D82521DDA3001C5787 /* InstagramBaseVC.swift in Sources */ = {isa = PBXBuildFile; fileRef = B775F9D72521DDA3001C5787 /* InstagramBaseVC.swift */; };
		B775F9DA2521E8EF001C5787 /* ConnectInstaOnlyVC.swift in Sources */ = {isa = PBXBuildFile; fileRef = B775F9D92521E8EF001C5787 /* ConnectInstaOnlyVC.swift */; };
		B775F9DC25221D6D001C5787 /* InstructVideoOneVC.swift in Sources */ = {isa = PBXBuildFile; fileRef = B775F9DB25221D6D001C5787 /* InstructVideoOneVC.swift */; };
		B775F9DE25221D85001C5787 /* InstructVideoTwoVC.swift in Sources */ = {isa = PBXBuildFile; fileRef = B775F9DD25221D85001C5787 /* InstructVideoTwoVC.swift */; };
		B775F9E025221D9D001C5787 /* InstructVideoThreeVC.swift in Sources */ = {isa = PBXBuildFile; fileRef = B775F9DF25221D9D001C5787 /* InstructVideoThreeVC.swift */; };
		B78D114B2306AF510073F64B /* CustomObject.m in Sources */ = {isa = PBXBuildFile; fileRef = B78D11492306AF500073F64B /* CustomObject.m */; };
		B79CAC38243B0254009F982D /* AllOfferVC.swift in Sources */ = {isa = PBXBuildFile; fileRef = B79CAC37243B0254009F982D /* AllOfferVC.swift */; };
		B79CAC3A243B082D009F982D /* StandardOfferCell.xib in Resources */ = {isa = PBXBuildFile; fileRef = B79CAC39243B082D009F982D /* StandardOfferCell.xib */; };
		B7A13924252EDF4800FB4C78 /* SignUpTutorial1.mp4 in Resources */ = {isa = PBXBuildFile; fileRef = B7A13923252EDF4800FB4C78 /* SignUpTutorial1.mp4 */; };
		B7A13926252EDF5500FB4C78 /* SignUpTutorial2.mp4 in Resources */ = {isa = PBXBuildFile; fileRef = B7A13925252EDF5500FB4C78 /* SignUpTutorial2.mp4 */; };
		B7A178F5243C5531000670C3 /* FollowedOfferVC.swift in Sources */ = {isa = PBXBuildFile; fileRef = B7A178F4243C5531000670C3 /* FollowedOfferVC.swift */; };
		B7A178F7243C57BE000670C3 /* FollowedCompaniesOffer.xib in Resources */ = {isa = PBXBuildFile; fileRef = B7A178F6243C57BD000670C3 /* FollowedCompaniesOffer.xib */; };
		B7A178F9243C8109000670C3 /* SearchMenuVC.swift in Sources */ = {isa = PBXBuildFile; fileRef = B7A178F8243C8109000670C3 /* SearchMenuVC.swift */; };
		B7A178FB243C8BBF000670C3 /* InfluencerListVC.swift in Sources */ = {isa = PBXBuildFile; fileRef = B7A178FA243C8BBF000670C3 /* InfluencerListVC.swift */; };
		B7A178FD243C8C48000670C3 /* InfluencerTVC.xib in Resources */ = {isa = PBXBuildFile; fileRef = B7A178FC243C8C48000670C3 /* InfluencerTVC.xib */; };
		B7A178FF243C8C67000670C3 /* BusinessUserTVC.xib in Resources */ = {isa = PBXBuildFile; fileRef = B7A178FE243C8C67000670C3 /* BusinessUserTVC.xib */; };
		B7A17902243C8EC2000670C3 /* BusinessInfluencerVC.swift in Sources */ = {isa = PBXBuildFile; fileRef = B7A17901243C8EC2000670C3 /* BusinessInfluencerVC.swift */; };
		B7A17904243C8ED6000670C3 /* BusinessVC.swift in Sources */ = {isa = PBXBuildFile; fileRef = B7A17903243C8ED6000670C3 /* BusinessVC.swift */; };
		B7B97D72233DE84C0028E7E2 /* NetworkReachability.swift in Sources */ = {isa = PBXBuildFile; fileRef = B7B97D71233DE84C0028E7E2 /* NetworkReachability.swift */; };
		B7BCE52922E9BB1800666689 /* DateExtension.swift in Sources */ = {isa = PBXBuildFile; fileRef = B7BCE52822E9BB1800666689 /* DateExtension.swift */; };
		B7C25CE8245011040060F472 /* PostDetailInfoCell.xib in Resources */ = {isa = PBXBuildFile; fileRef = B7C25CE7245011040060F472 /* PostDetailInfoCell.xib */; };
		B7C25CEA24503F380060F472 /* ViewPostColorfulVC.swift in Sources */ = {isa = PBXBuildFile; fileRef = B7C25CE924503F380060F472 /* ViewPostColorfulVC.swift */; };
		B7C25CEC24503F590060F472 /* ViewPostDetailedVC.swift in Sources */ = {isa = PBXBuildFile; fileRef = B7C25CEB24503F590060F472 /* ViewPostDetailedVC.swift */; };
		B7C762BC243745A90002623F /* OfferMenuVC.swift in Sources */ = {isa = PBXBuildFile; fileRef = B7C762BB243745A90002623F /* OfferMenuVC.swift */; };
		B7C762BE243787580002623F /* FilteredOfferVC.swift in Sources */ = {isa = PBXBuildFile; fileRef = B7C762BD243787580002623F /* FilteredOfferVC.swift */; };
		B7CAD15923FE8019005CD144 /* VerifyOTPVC.swift in Sources */ = {isa = PBXBuildFile; fileRef = B7CAD15823FE8019005CD144 /* VerifyOTPVC.swift */; };
		B7CAD15B23FEA634005CD144 /* UITextFieldExtension.swift in Sources */ = {isa = PBXBuildFile; fileRef = B7CAD15A23FEA634005CD144 /* UITextFieldExtension.swift */; };
		B7CAD15D23FEAB5D005CD144 /* SetPasswordVC.swift in Sources */ = {isa = PBXBuildFile; fileRef = B7CAD15C23FEAB5D005CD144 /* SetPasswordVC.swift */; };
		B7CD174F2459643D00D1F63A /* ViewBusinessVC.swift in Sources */ = {isa = PBXBuildFile; fileRef = B7CD174E2459643D00D1F63A /* ViewBusinessVC.swift */; };
		B7CE99BB244897C400517330 /* OfferViewerVC.swift in Sources */ = {isa = PBXBuildFile; fileRef = B7CE99BA244897C400517330 /* OfferViewerVC.swift */; };
		B7CE99BD2448A25D00517330 /* WarnUser.xib in Resources */ = {isa = PBXBuildFile; fileRef = B7CE99BC2448A25D00517330 /* WarnUser.xib */; };
		B7CE99C02448A2AD00517330 /* PostDetailCell.xib in Resources */ = {isa = PBXBuildFile; fileRef = B7CE99BF2448A2AD00517330 /* PostDetailCell.xib */; };
		B7CE99C22448A33100517330 /* CompanyInfo.xib in Resources */ = {isa = PBXBuildFile; fileRef = B7CE99C12448A33100517330 /* CompanyInfo.xib */; };
		B7CE99C42448DC7D00517330 /* PostInfoCell.xib in Resources */ = {isa = PBXBuildFile; fileRef = B7CE99C32448DC7D00517330 /* PostInfoCell.xib */; };
		B7D2390C24445EF100CD9F65 /* SocialMenuVC.swift in Sources */ = {isa = PBXBuildFile; fileRef = B7D2390B24445EF100CD9F65 /* SocialMenuVC.swift */; };
		B7D2390E244470A300CD9F65 /* SocialFeedVC.swift in Sources */ = {isa = PBXBuildFile; fileRef = B7D2390D244470A300CD9F65 /* SocialFeedVC.swift */; };
		B7D239112444717E00CD9F65 /* SocialCell.xib in Resources */ = {isa = PBXBuildFile; fileRef = B7D239102444717E00CD9F65 /* SocialCell.xib */; };
		B7D42095232A7AB1009F0FCE /* ConnectedPlaidTVCell.swift in Sources */ = {isa = PBXBuildFile; fileRef = B7D42094232A7AB1009F0FCE /* ConnectedPlaidTVCell.swift */; };
		B7D4209B232AA94F009F0FCE /* TransactionListVC.swift in Sources */ = {isa = PBXBuildFile; fileRef = B7D4209A232AA94F009F0FCE /* TransactionListVC.swift */; };
		B7D55E5A24497871004BC608 /* OfferMoneyTVC.xib in Resources */ = {isa = PBXBuildFile; fileRef = B7D55E5924497871004BC608 /* OfferMoneyTVC.xib */; };
		B7D55E5C24497D40004BC608 /* ReservedCell.xib in Resources */ = {isa = PBXBuildFile; fileRef = B7D55E5B24497D40004BC608 /* ReservedCell.xib */; };
		B7D55E5E2449B5EA004BC608 /* NextStepCell.xib in Resources */ = {isa = PBXBuildFile; fileRef = B7D55E5D2449B5EA004BC608 /* NextStepCell.xib */; };
		B7D9038223FD30B80004A670 /* StringExtention.swift in Sources */ = {isa = PBXBuildFile; fileRef = B7D9038123FD30B80004A670 /* StringExtention.swift */; };
		B7E3D95A2445B5700035A800 /* SocialFollowingVC.swift in Sources */ = {isa = PBXBuildFile; fileRef = B7E3D9592445B5700035A800 /* SocialFollowingVC.swift */; };
		B7E3D95C2445B58C0035A800 /* SocialFollowedVC.swift in Sources */ = {isa = PBXBuildFile; fileRef = B7E3D95B2445B58C0035A800 /* SocialFollowedVC.swift */; };
		B7E86AF0230EA46E00F60E8F /* BankListVC.swift in Sources */ = {isa = PBXBuildFile; fileRef = B7E86AEF230EA46E00F60E8F /* BankListVC.swift */; };
		B7EA07352382C4740009870E /* GoogleService-Info.plist in Resources */ = {isa = PBXBuildFile; fileRef = B7EA07342382C4740009870E /* GoogleService-Info.plist */; };
		B7EECFD32552BBF00016E2EA /* VerifyEmailVC.swift in Sources */ = {isa = PBXBuildFile; fileRef = B7EECFD22552BBF00016E2EA /* VerifyEmailVC.swift */; };
		B7FA5F352333789F0088C3FE /* TabBarVC.swift in Sources */ = {isa = PBXBuildFile; fileRef = B7FA5F342333789F0088C3FE /* TabBarVC.swift */; };
		B7FA5F3723339F700088C3FE /* OfferAcceptConfirmVC.swift in Sources */ = {isa = PBXBuildFile; fileRef = B7FA5F3623339F700088C3FE /* OfferAcceptConfirmVC.swift */; };
		B7FB2886233A1E4700980F17 /* PaymentSentVC.swift in Sources */ = {isa = PBXBuildFile; fileRef = B7FB2885233A1E4700980F17 /* PaymentSentVC.swift */; };
		C0963EB1220B864B000380C7 /* ImageViewExtensions.swift in Sources */ = {isa = PBXBuildFile; fileRef = C0963EB0220B864B000380C7 /* ImageViewExtensions.swift */; };
		C0D73643220676CF00A84EB7 /* InstagramAPI.swift in Sources */ = {isa = PBXBuildFile; fileRef = C0D73642220676CF00A84EB7 /* InstagramAPI.swift */; };
		C0D7364522067AE500A84EB7 /* InstagramVC.swift in Sources */ = {isa = PBXBuildFile; fileRef = C0D7364422067AE500A84EB7 /* InstagramVC.swift */; };
		E80709482361C84400A48827 /* CategoryExplanation.swift in Sources */ = {isa = PBXBuildFile; fileRef = E80709472361C84400A48827 /* CategoryExplanation.swift */; };
		E80AB86821B0DA0D00D9B546 /* ViewOfferNC.swift in Sources */ = {isa = PBXBuildFile; fileRef = E80AB86721B0DA0D00D9B546 /* ViewOfferNC.swift */; };
		E80AB86A21B18A6400D9B546 /* GlobalTimeSync.swift in Sources */ = {isa = PBXBuildFile; fileRef = E80AB86921B18A6400D9B546 /* GlobalTimeSync.swift */; };
		E80AB86C21B1F9E000D9B546 /* inProgressVC.swift in Sources */ = {isa = PBXBuildFile; fileRef = E80AB86B21B1F9E000D9B546 /* inProgressVC.swift */; };
		E80D54FA245FB9F000C0F4CA /* FollowButtonRegular.xib in Resources */ = {isa = PBXBuildFile; fileRef = E80D54F9245FB9F000C0F4CA /* FollowButtonRegular.xib */; };
		E80FD4FD21A4B8AB003AF50B /* HomeVC.swift in Sources */ = {isa = PBXBuildFile; fileRef = E80FD4FC21A4B8AB003AF50B /* HomeVC.swift */; };
		E80FD4FF21A4F1E4003AF50B /* PageVC.swift in Sources */ = {isa = PBXBuildFile; fileRef = E80FD4FE21A4F1E4003AF50B /* PageVC.swift */; };
		E8109EEC21AEE818008882B1 /* MoneyVC.swift in Sources */ = {isa = PBXBuildFile; fileRef = E8109EEB21AEE818008882B1 /* MoneyVC.swift */; };
		E8109EEE21AF6BA8008882B1 /* WithdrawVC.swift in Sources */ = {isa = PBXBuildFile; fileRef = E8109EED21AF6BA8008882B1 /* WithdrawVC.swift */; };
		E811B7D524588DCD00A58B30 /* businessViewer.storyboard in Resources */ = {isa = PBXBuildFile; fileRef = E811B7D424588DCD00A58B30 /* businessViewer.storyboard */; };
		E8128C5023F36A1800703195 /* ResetPasswordVC.swift in Sources */ = {isa = PBXBuildFile; fileRef = E8128C4F23F36A1800703195 /* ResetPasswordVC.swift */; };
		E8164F6222249ACC0084CCF9 /* StatVC.swift in Sources */ = {isa = PBXBuildFile; fileRef = E8164F6122249ACC0084CCF9 /* StatVC.swift */; };
		E8175951243BD7930040CB0B /* Searcher.storyboard in Resources */ = {isa = PBXBuildFile; fileRef = E817594F243BAA4B0040CB0B /* Searcher.storyboard */; };
		E8175952243BD7A00040CB0B /* SearchPVC.swift in Sources */ = {isa = PBXBuildFile; fileRef = E8175950243BAB290040CB0B /* SearchPVC.swift */; };
		E81DE121222AF39D00880D41 /* ProfileVC.swift in Sources */ = {isa = PBXBuildFile; fileRef = E81DE120222AF39D00880D41 /* ProfileVC.swift */; };
		E82347EE21A1D6BF000A1A62 /* AppDelegate.swift in Sources */ = {isa = PBXBuildFile; fileRef = E82347ED21A1D6BF000A1A62 /* AppDelegate.swift */; };
		E82347F021A1D6BF000A1A62 /* ViewController.swift in Sources */ = {isa = PBXBuildFile; fileRef = E82347EF21A1D6BF000A1A62 /* ViewController.swift */; };
		E82347F321A1D6BF000A1A62 /* Main.storyboard in Resources */ = {isa = PBXBuildFile; fileRef = E82347F121A1D6BF000A1A62 /* Main.storyboard */; };
		E82347F621A1D6BF000A1A62 /* Ambassadoor.xcdatamodeld in Sources */ = {isa = PBXBuildFile; fileRef = E82347F421A1D6BF000A1A62 /* Ambassadoor.xcdatamodeld */; };
		E82347F821A1D6C0000A1A62 /* Assets.xcassets in Resources */ = {isa = PBXBuildFile; fileRef = E82347F721A1D6C0000A1A62 /* Assets.xcassets */; };
		E82347FB21A1D6C0000A1A62 /* LaunchScreen.storyboard in Resources */ = {isa = PBXBuildFile; fileRef = E82347F921A1D6C0000A1A62 /* LaunchScreen.storyboard */; };
		E825C69723F19684003A0B0D /* CreateLoginVC.swift in Sources */ = {isa = PBXBuildFile; fileRef = E825C69623F19684003A0B0D /* CreateLoginVC.swift */; };
		E83249A22508144000894749 /* WhatWillTheySeeVC.swift in Sources */ = {isa = PBXBuildFile; fileRef = E83249A12508144000894749 /* WhatWillTheySeeVC.swift */; };
		E83249A425081C2B00894749 /* HowToSwitchVC.swift in Sources */ = {isa = PBXBuildFile; fileRef = E83249A325081C2B00894749 /* HowToSwitchVC.swift */; };
		E838F3CB21F687BB0021D0AD /* FirebaseRefrences.swift in Sources */ = {isa = PBXBuildFile; fileRef = E838F3CA21F687BB0021D0AD /* FirebaseRefrences.swift */; };
		E84038CC223541DB00959CD9 /* Notifications.swift in Sources */ = {isa = PBXBuildFile; fileRef = E84038CB223541DB00959CD9 /* Notifications.swift */; };
		E84667DE23FA1CE600544CE1 /* NotBusinessVC.swift in Sources */ = {isa = PBXBuildFile; fileRef = E84667DD23FA1CE600544CE1 /* NotBusinessVC.swift */; };
		E84D685321A9F08C00681D21 /* PostVC.swift in Sources */ = {isa = PBXBuildFile; fileRef = E84D685221A9F08C00681D21 /* PostVC.swift */; };
		E8589FF0234A971400F1BBDE /* ReportOfferVC.swift in Sources */ = {isa = PBXBuildFile; fileRef = E8589FEF234A971400F1BBDE /* ReportOfferVC.swift */; };
		E866724821FF2C8B00241FB3 /* SignUpVC.swift in Sources */ = {isa = PBXBuildFile; fileRef = E866724721FF2C8B00241FB3 /* SignUpVC.swift */; };
		E86920A2246CC24B0052517B /* EasyRefreshTV.swift in Sources */ = {isa = PBXBuildFile; fileRef = E86920A1246CC24B0052517B /* EasyRefreshTV.swift */; };
		E86A1E4B21A784C500DCB0D0 /* structs.swift in Sources */ = {isa = PBXBuildFile; fileRef = E86A1E4A21A784C500DCB0D0 /* structs.swift */; };
		E86A1E4D21A797F000DCB0D0 /* Savvy.swift in Sources */ = {isa = PBXBuildFile; fileRef = E86A1E4C21A797F000DCB0D0 /* Savvy.swift */; };
		E86A1E4F21A86CE900DCB0D0 /* RejectedOffersVC.swift in Sources */ = {isa = PBXBuildFile; fileRef = E86A1E4E21A86CE900DCB0D0 /* RejectedOffersVC.swift */; };
		E86A1E5121A87C1200DCB0D0 /* global.swift in Sources */ = {isa = PBXBuildFile; fileRef = E86A1E5021A87C1200DCB0D0 /* global.swift */; };
		E86A1E5321A893D100DCB0D0 /* OfferVC.swift in Sources */ = {isa = PBXBuildFile; fileRef = E86A1E5221A893D100DCB0D0 /* OfferVC.swift */; };
		E86B092621DBF0F30009C45D /* socialPageVC.swift in Sources */ = {isa = PBXBuildFile; fileRef = E86B092521DBF0F30009C45D /* socialPageVC.swift */; };
		E86B092821DBF8050009C45D /* socialTierVC.swift in Sources */ = {isa = PBXBuildFile; fileRef = E86B092721DBF8050009C45D /* socialTierVC.swift */; };
		E86B092A21DBF81C0009C45D /* socialCategoryVC.swift in Sources */ = {isa = PBXBuildFile; fileRef = E86B092921DBF81C0009C45D /* socialCategoryVC.swift */; };
		E86B092C21DBF82F0009C45D /* socialSearchVC.swift in Sources */ = {isa = PBXBuildFile; fileRef = E86B092B21DBF82F0009C45D /* socialSearchVC.swift */; };
		E871623D2467C42D00BA48BE /* SimplexBackground.xib in Resources */ = {isa = PBXBuildFile; fileRef = E871623C2467C42D00BA48BE /* SimplexBackground.xib */; };
		E871623F2467C47000BA48BE /* SimplexBackground.swift in Sources */ = {isa = PBXBuildFile; fileRef = E871623E2467C47000BA48BE /* SimplexBackground.swift */; };
		E8721D6A2436E5580016D2B3 /* OfferMenu.storyboard in Resources */ = {isa = PBXBuildFile; fileRef = E8721D692436E5580016D2B3 /* OfferMenu.storyboard */; };
		E8721D6C2436E7C60016D2B3 /* OffersPVC.swift in Sources */ = {isa = PBXBuildFile; fileRef = E8721D6B2436E7C60016D2B3 /* OffersPVC.swift */; };
		E878729823F6353600B4163B /* BasicInfoVC.swift in Sources */ = {isa = PBXBuildFile; fileRef = E878729723F6353600B4163B /* BasicInfoVC.swift */; };
		E8798010243E6A8600F32137 /* inProgress.storyboard in Resources */ = {isa = PBXBuildFile; fileRef = E879800F243E6A8600F32137 /* inProgress.storyboard */; };
		E87980132444087B00F32137 /* simplexSocial.storyboard in Resources */ = {isa = PBXBuildFile; fileRef = E87980122444087B00F32137 /* simplexSocial.storyboard */; };
		E8798015244408DF00F32137 /* SocialPVC.swift in Sources */ = {isa = PBXBuildFile; fileRef = E8798014244408DF00F32137 /* SocialPVC.swift */; };
		E87C01AB23ED8F9A002B1F9A /* CreateAccountVC.swift in Sources */ = {isa = PBXBuildFile; fileRef = E87C01AA23ED8F9A002B1F9A /* CreateAccountVC.swift */; };
		E87EC2E2236C998C00690037 /* GeolocationTools.swift in Sources */ = {isa = PBXBuildFile; fileRef = E87EC2E1236C998C00690037 /* GeolocationTools.swift */; };
		E87EC2E4236C9A2900690037 /* SocialAlgorithms.swift in Sources */ = {isa = PBXBuildFile; fileRef = E87EC2E3236C9A2900690037 /* SocialAlgorithms.swift */; };
		E87FC7EE2461017800595E28 /* FollowButtonSmall.swift in Sources */ = {isa = PBXBuildFile; fileRef = E87FC7ED2461017800595E28 /* FollowButtonSmall.swift */; };
		E87FC7EF2461018500595E28 /* FollowButtonSmall.xib in Resources */ = {isa = PBXBuildFile; fileRef = E87FC7EC2461016C00595E28 /* FollowButtonSmall.xib */; };
		E880460523F4272B00A21ABE /* ConnectInstagramVC.swift in Sources */ = {isa = PBXBuildFile; fileRef = E880460423F4272B00A21ABE /* ConnectInstagramVC.swift */; };
		E880460723F44BAD00A21ABE /* InstagramConnectedVC.swift in Sources */ = {isa = PBXBuildFile; fileRef = E880460623F44BAD00A21ABE /* InstagramConnectedVC.swift */; };
		E880460923F4A8FC00A21ABE /* AccountInUseVC.swift in Sources */ = {isa = PBXBuildFile; fileRef = E880460823F4A8FC00A21ABE /* AccountInUseVC.swift */; };
		E88A081023EDED24000AD3C7 /* SigninVC.swift in Sources */ = {isa = PBXBuildFile; fileRef = E88A080F23EDED24000AD3C7 /* SigninVC.swift */; };
		E88CF1D725215FAE0024BA86 /* AppOpenB.mp4 in Resources */ = {isa = PBXBuildFile; fileRef = E88CF1D625215FAE0024BA86 /* AppOpenB.mp4 */; };
		E890093A24E4D75200F8C7D1 /* developmentSettings.swift in Sources */ = {isa = PBXBuildFile; fileRef = E890093924E4D75200F8C7D1 /* developmentSettings.swift */; };
		E89480A22236E95C00C809E5 /* categories.swift in Sources */ = {isa = PBXBuildFile; fileRef = E89480A12236E95C00C809E5 /* categories.swift */; };
		E89584BB23EDBC0200B064F4 /* NewAccount.swift in Sources */ = {isa = PBXBuildFile; fileRef = E89584BA23EDBC0200B064F4 /* NewAccount.swift */; };
		E89584BD23EDD44D00B064F4 /* WelcomeVC.swift in Sources */ = {isa = PBXBuildFile; fileRef = E89584BC23EDD44D00B064F4 /* WelcomeVC.swift */; };
		E8963EA121F7F16B0047CF99 /* OfferCell.swift in Sources */ = {isa = PBXBuildFile; fileRef = E8963EA021F7F16B0047CF99 /* OfferCell.swift */; };
		E8A84AAF222AB3FC00D9E2C9 /* ClassPickerVC.swift in Sources */ = {isa = PBXBuildFile; fileRef = E8A84AAE222AB3FC00D9E2C9 /* ClassPickerVC.swift */; };
		E8A84AB1222AB40B00D9E2C9 /* CategoryPickerVC.swift in Sources */ = {isa = PBXBuildFile; fileRef = E8A84AB0222AB40B00D9E2C9 /* CategoryPickerVC.swift */; };
		E8AAE63B23EC3D7300EC28D4 /* LoginSetup.storyboard in Resources */ = {isa = PBXBuildFile; fileRef = E8AAE63A23EC3D7300EC28D4 /* LoginSetup.storyboard */; };
		E8AAE63D23EC3E0E00EC28D4 /* StandardNC.swift in Sources */ = {isa = PBXBuildFile; fileRef = E8AAE63C23EC3E0E00EC28D4 /* StandardNC.swift */; };
		E8B75E9824480513004BD810 /* offerViewer.storyboard in Resources */ = {isa = PBXBuildFile; fileRef = E8B75E9724480513004BD810 /* offerViewer.storyboard */; };
		E8C02754220F32C000B79D54 /* BoldButton.swift in Sources */ = {isa = PBXBuildFile; fileRef = E8C02753220F32C000B79D54 /* BoldButton.swift */; };
		E8C369572216270E00AE12D7 /* ViewProfileVC.swift in Sources */ = {isa = PBXBuildFile; fileRef = E8C369562216270E00AE12D7 /* ViewProfileVC.swift */; };
		E8C795D2245F25CD0090E60E /* FollowButton.swift in Sources */ = {isa = PBXBuildFile; fileRef = E8C795D1245F25CD0090E60E /* FollowButton.swift */; };
		E8C9048C236859A400FB9584 /* TierInfoVC.swift in Sources */ = {isa = PBXBuildFile; fileRef = E8C9048B236859A400FB9584 /* TierInfoVC.swift */; };
		E8CBD7BE21E29400003B5B02 /* People.swift in Sources */ = {isa = PBXBuildFile; fileRef = E8CBD7BD21E29400003B5B02 /* People.swift */; };
		E8CBF56E2463161400574E38 /* ReporterFeature.swift in Sources */ = {isa = PBXBuildFile; fileRef = E8CBF56D2463161400574E38 /* ReporterFeature.swift */; };
		E8CBF5702463169900574E38 /* ProblemPickerVC.swift in Sources */ = {isa = PBXBuildFile; fileRef = E8CBF56F2463169900574E38 /* ProblemPickerVC.swift */; };
		E8CBF572246316A300574E38 /* ReportWriterVC.swift in Sources */ = {isa = PBXBuildFile; fileRef = E8CBF571246316A300574E38 /* ReportWriterVC.swift */; };
		E8D4B2482362543100DC0FEA /* FakeSplash.swift in Sources */ = {isa = PBXBuildFile; fileRef = E8D4B2472362543100DC0FEA /* FakeSplash.swift */; };
		E8DF9D92246501B70045CA57 /* CaptionCrafterVC.swift in Sources */ = {isa = PBXBuildFile; fileRef = E8DF9D91246501B70045CA57 /* CaptionCrafterVC.swift */; };
		E8DF9D942465F24F0045CA57 /* acceptVerifierVC.swift in Sources */ = {isa = PBXBuildFile; fileRef = E8DF9D932465F24F0045CA57 /* acceptVerifierVC.swift */; };
		E8DF9D962465FF640045CA57 /* OfferViewerCells.swift in Sources */ = {isa = PBXBuildFile; fileRef = E8DF9D952465FF640045CA57 /* OfferViewerCells.swift */; };
		E8E84121234CF43D00AA4957 /* StripeConnectionMKWebview.swift in Sources */ = {isa = PBXBuildFile; fileRef = E8E84120234CF43C00AA4957 /* StripeConnectionMKWebview.swift */; };
		E8E888D92209B78400ECF398 /* VerifedVC.swift in Sources */ = {isa = PBXBuildFile; fileRef = E8E888D82209B78400ECF398 /* VerifedVC.swift */; };
		E8EB5C22246B8A57007AEDB6 /* SearchCells.swift in Sources */ = {isa = PBXBuildFile; fileRef = E8EB5C21246B8A57007AEDB6 /* SearchCells.swift */; };
		E8EE3E4A2469BBE600E81F5B /* OfferCells.swift in Sources */ = {isa = PBXBuildFile; fileRef = E8EE3E492469BBE600E81F5B /* OfferCells.swift */; };
		E8EF2C78222D786500B2EDC6 /* CategoryPicker.swift in Sources */ = {isa = PBXBuildFile; fileRef = E8EF2C77222D786500B2EDC6 /* CategoryPicker.swift */; };
		E8EF2C7A222DDD6300B2EDC6 /* ZipCodeVC.swift in Sources */ = {isa = PBXBuildFile; fileRef = E8EF2C79222DDD6300B2EDC6 /* ZipCodeVC.swift */; };
		E8F9D0AC21AA362500DD1616 /* ProductVC.swift in Sources */ = {isa = PBXBuildFile; fileRef = E8F9D0AB21AA362500DD1616 /* ProductVC.swift */; };
		E8F9D0AE21AA3FDC00DD1616 /* CompanyVC.swift in Sources */ = {isa = PBXBuildFile; fileRef = E8F9D0AD21AA3FDC00DD1616 /* CompanyVC.swift */; };
/* End PBXBuildFile section */

/* Begin PBXFileReference section */
		0A97662B45396EF7FCF0C532 /* Pods-Ambassadoor.release.xcconfig */ = {isa = PBXFileReference; includeInIndex = 1; lastKnownFileType = text.xcconfig; name = "Pods-Ambassadoor.release.xcconfig"; path = "Pods/Target Support Files/Pods-Ambassadoor/Pods-Ambassadoor.release.xcconfig"; sourceTree = "<group>"; };
		236138913E9C5102B8E1275E /* Pods_Ambassadoor.framework */ = {isa = PBXFileReference; explicitFileType = wrapper.framework; includeInIndex = 0; path = Pods_Ambassadoor.framework; sourceTree = BUILT_PRODUCTS_DIR; };
		3C063C7693442ACADF942259 /* Pods-Ambassadoor.debug.xcconfig */ = {isa = PBXFileReference; includeInIndex = 1; lastKnownFileType = text.xcconfig; name = "Pods-Ambassadoor.debug.xcconfig"; path = "Pods/Target Support Files/Pods-Ambassadoor/Pods-Ambassadoor.debug.xcconfig"; sourceTree = "<group>"; };
		B71A90F3233258D4002B6F1A /* WebViewVC.swift */ = {isa = PBXFileReference; lastKnownFileType = sourcecode.swift; path = WebViewVC.swift; sourceTree = "<group>"; };
		B71BE92E250FA54C0009A242 /* ReferralInfoVC.swift */ = {isa = PBXFileReference; lastKnownFileType = sourcecode.swift; path = ReferralInfoVC.swift; sourceTree = "<group>"; };
		B7261DAA24EE420200BB2B29 /* ConnectStepsVC.swift */ = {isa = PBXFileReference; lastKnownFileType = sourcecode.swift; path = ConnectStepsVC.swift; sourceTree = "<group>"; };
		B7263284243F16D000202DFB /* InProgressVC.swift */ = {isa = PBXFileReference; lastKnownFileType = sourcecode.swift; path = InProgressVC.swift; sourceTree = "<group>"; };
		B73F098523291B3100CD6B00 /* APIManager.swift */ = {isa = PBXFileReference; lastKnownFileType = sourcecode.swift; path = APIManager.swift; sourceTree = "<group>"; };
		B73F098723291DA000CD6B00 /* DwollaUserInformationVC.swift */ = {isa = PBXFileReference; lastKnownFileType = sourcecode.swift; path = DwollaUserInformationVC.swift; sourceTree = "<group>"; };
		B73F09892329294D00CD6B00 /* DwollaCustomerInformation.swift */ = {isa = PBXFileReference; lastKnownFileType = sourcecode.swift; path = DwollaCustomerInformation.swift; sourceTree = "<group>"; };
		B7422E6622FC03510076F076 /* OtherInfoVC.swift */ = {isa = PBXFileReference; lastKnownFileType = sourcecode.swift; path = OtherInfoVC.swift; sourceTree = "<group>"; };
		B7446CC322FD81BB0061983F /* UIViewControllerExtensions.swift */ = {isa = PBXFileReference; lastKnownFileType = sourcecode.swift; path = UIViewControllerExtensions.swift; sourceTree = "<group>"; };
		B7460DEC237435C000D74EF2 /* OfferHistoryVC.swift */ = {isa = PBXFileReference; lastKnownFileType = sourcecode.swift; path = OfferHistoryVC.swift; sourceTree = "<group>"; };
		B753BDD8245BDDD6009DFEBF /* TempLaunch.storyboard */ = {isa = PBXFileReference; lastKnownFileType = file.storyboard; path = TempLaunch.storyboard; sourceTree = "<group>"; };
		B775F9D32521B2F1001C5787 /* AppOpenW.mp4 */ = {isa = PBXFileReference; lastKnownFileType = file; path = AppOpenW.mp4; sourceTree = "<group>"; };
		B775F9D52521BE45001C5787 /* ConnectInstagramPVC.swift */ = {isa = PBXFileReference; lastKnownFileType = sourcecode.swift; path = ConnectInstagramPVC.swift; sourceTree = "<group>"; };
		B775F9D72521DDA3001C5787 /* InstagramBaseVC.swift */ = {isa = PBXFileReference; lastKnownFileType = sourcecode.swift; path = InstagramBaseVC.swift; sourceTree = "<group>"; };
		B775F9D92521E8EF001C5787 /* ConnectInstaOnlyVC.swift */ = {isa = PBXFileReference; lastKnownFileType = sourcecode.swift; path = ConnectInstaOnlyVC.swift; sourceTree = "<group>"; };
		B775F9DB25221D6D001C5787 /* InstructVideoOneVC.swift */ = {isa = PBXFileReference; lastKnownFileType = sourcecode.swift; path = InstructVideoOneVC.swift; sourceTree = "<group>"; };
		B775F9DD25221D85001C5787 /* InstructVideoTwoVC.swift */ = {isa = PBXFileReference; lastKnownFileType = sourcecode.swift; path = InstructVideoTwoVC.swift; sourceTree = "<group>"; };
		B775F9DF25221D9D001C5787 /* InstructVideoThreeVC.swift */ = {isa = PBXFileReference; lastKnownFileType = sourcecode.swift; path = InstructVideoThreeVC.swift; sourceTree = "<group>"; };
		B78D11492306AF500073F64B /* CustomObject.m */ = {isa = PBXFileReference; fileEncoding = 4; lastKnownFileType = sourcecode.c.objc; path = CustomObject.m; sourceTree = "<group>"; };
		B78D114A2306AF510073F64B /* CustomObject.h */ = {isa = PBXFileReference; fileEncoding = 4; lastKnownFileType = sourcecode.c.h; path = CustomObject.h; sourceTree = "<group>"; };
		B79CAC37243B0254009F982D /* AllOfferVC.swift */ = {isa = PBXFileReference; lastKnownFileType = sourcecode.swift; path = AllOfferVC.swift; sourceTree = "<group>"; };
		B79CAC39243B082D009F982D /* StandardOfferCell.xib */ = {isa = PBXFileReference; lastKnownFileType = file.xib; path = StandardOfferCell.xib; sourceTree = "<group>"; };
		B7A13923252EDF4800FB4C78 /* SignUpTutorial1.mp4 */ = {isa = PBXFileReference; lastKnownFileType = file; path = SignUpTutorial1.mp4; sourceTree = "<group>"; };
		B7A13925252EDF5500FB4C78 /* SignUpTutorial2.mp4 */ = {isa = PBXFileReference; lastKnownFileType = file; path = SignUpTutorial2.mp4; sourceTree = "<group>"; };
		B7A178F4243C5531000670C3 /* FollowedOfferVC.swift */ = {isa = PBXFileReference; lastKnownFileType = sourcecode.swift; path = FollowedOfferVC.swift; sourceTree = "<group>"; };
		B7A178F6243C57BD000670C3 /* FollowedCompaniesOffer.xib */ = {isa = PBXFileReference; lastKnownFileType = file.xib; path = FollowedCompaniesOffer.xib; sourceTree = "<group>"; };
		B7A178F8243C8109000670C3 /* SearchMenuVC.swift */ = {isa = PBXFileReference; lastKnownFileType = sourcecode.swift; path = SearchMenuVC.swift; sourceTree = "<group>"; };
		B7A178FA243C8BBF000670C3 /* InfluencerListVC.swift */ = {isa = PBXFileReference; lastKnownFileType = sourcecode.swift; path = InfluencerListVC.swift; sourceTree = "<group>"; };
		B7A178FC243C8C48000670C3 /* InfluencerTVC.xib */ = {isa = PBXFileReference; lastKnownFileType = file.xib; path = InfluencerTVC.xib; sourceTree = "<group>"; };
		B7A178FE243C8C67000670C3 /* BusinessUserTVC.xib */ = {isa = PBXFileReference; lastKnownFileType = file.xib; path = BusinessUserTVC.xib; sourceTree = "<group>"; };
		B7A17901243C8EC2000670C3 /* BusinessInfluencerVC.swift */ = {isa = PBXFileReference; lastKnownFileType = sourcecode.swift; path = BusinessInfluencerVC.swift; sourceTree = "<group>"; };
		B7A17903243C8ED6000670C3 /* BusinessVC.swift */ = {isa = PBXFileReference; lastKnownFileType = sourcecode.swift; path = BusinessVC.swift; sourceTree = "<group>"; };
		B7B97D71233DE84C0028E7E2 /* NetworkReachability.swift */ = {isa = PBXFileReference; lastKnownFileType = sourcecode.swift; path = NetworkReachability.swift; sourceTree = "<group>"; };
		B7BCE52822E9BB1800666689 /* DateExtension.swift */ = {isa = PBXFileReference; lastKnownFileType = sourcecode.swift; path = DateExtension.swift; sourceTree = "<group>"; };
		B7C25CE7245011040060F472 /* PostDetailInfoCell.xib */ = {isa = PBXFileReference; lastKnownFileType = file.xib; path = PostDetailInfoCell.xib; sourceTree = "<group>"; };
		B7C25CE924503F380060F472 /* ViewPostColorfulVC.swift */ = {isa = PBXFileReference; lastKnownFileType = sourcecode.swift; path = ViewPostColorfulVC.swift; sourceTree = "<group>"; };
		B7C25CEB24503F590060F472 /* ViewPostDetailedVC.swift */ = {isa = PBXFileReference; lastKnownFileType = sourcecode.swift; path = ViewPostDetailedVC.swift; sourceTree = "<group>"; };
		B7C4BF0E2302FFE00024C3C3 /* Ambassadoor-Bridging-Header.h */ = {isa = PBXFileReference; lastKnownFileType = sourcecode.c.h; path = "Ambassadoor-Bridging-Header.h"; sourceTree = "<group>"; };
		B7C762BB243745A90002623F /* OfferMenuVC.swift */ = {isa = PBXFileReference; lastKnownFileType = sourcecode.swift; path = OfferMenuVC.swift; sourceTree = "<group>"; };
		B7C762BD243787580002623F /* FilteredOfferVC.swift */ = {isa = PBXFileReference; lastKnownFileType = sourcecode.swift; path = FilteredOfferVC.swift; sourceTree = "<group>"; };
		B7CAD15823FE8019005CD144 /* VerifyOTPVC.swift */ = {isa = PBXFileReference; lastKnownFileType = sourcecode.swift; path = VerifyOTPVC.swift; sourceTree = "<group>"; };
		B7CAD15A23FEA634005CD144 /* UITextFieldExtension.swift */ = {isa = PBXFileReference; lastKnownFileType = sourcecode.swift; path = UITextFieldExtension.swift; sourceTree = "<group>"; };
		B7CAD15C23FEAB5D005CD144 /* SetPasswordVC.swift */ = {isa = PBXFileReference; lastKnownFileType = sourcecode.swift; path = SetPasswordVC.swift; sourceTree = "<group>"; };
		B7CD174E2459643D00D1F63A /* ViewBusinessVC.swift */ = {isa = PBXFileReference; lastKnownFileType = sourcecode.swift; path = ViewBusinessVC.swift; sourceTree = "<group>"; };
		B7CE99BA244897C400517330 /* OfferViewerVC.swift */ = {isa = PBXFileReference; lastKnownFileType = sourcecode.swift; path = OfferViewerVC.swift; sourceTree = "<group>"; };
		B7CE99BC2448A25D00517330 /* WarnUser.xib */ = {isa = PBXFileReference; lastKnownFileType = file.xib; path = WarnUser.xib; sourceTree = "<group>"; };
		B7CE99BF2448A2AD00517330 /* PostDetailCell.xib */ = {isa = PBXFileReference; lastKnownFileType = file.xib; path = PostDetailCell.xib; sourceTree = "<group>"; };
		B7CE99C12448A33100517330 /* CompanyInfo.xib */ = {isa = PBXFileReference; lastKnownFileType = file.xib; path = CompanyInfo.xib; sourceTree = "<group>"; };
		B7CE99C32448DC7D00517330 /* PostInfoCell.xib */ = {isa = PBXFileReference; lastKnownFileType = file.xib; path = PostInfoCell.xib; sourceTree = "<group>"; };
		B7D2390B24445EF100CD9F65 /* SocialMenuVC.swift */ = {isa = PBXFileReference; lastKnownFileType = sourcecode.swift; path = SocialMenuVC.swift; sourceTree = "<group>"; };
		B7D2390D244470A300CD9F65 /* SocialFeedVC.swift */ = {isa = PBXFileReference; lastKnownFileType = sourcecode.swift; path = SocialFeedVC.swift; sourceTree = "<group>"; };
		B7D239102444717E00CD9F65 /* SocialCell.xib */ = {isa = PBXFileReference; lastKnownFileType = file.xib; path = SocialCell.xib; sourceTree = "<group>"; };
		B7D42094232A7AB1009F0FCE /* ConnectedPlaidTVCell.swift */ = {isa = PBXFileReference; lastKnownFileType = sourcecode.swift; path = ConnectedPlaidTVCell.swift; sourceTree = "<group>"; };
		B7D4209A232AA94F009F0FCE /* TransactionListVC.swift */ = {isa = PBXFileReference; lastKnownFileType = sourcecode.swift; path = TransactionListVC.swift; sourceTree = "<group>"; };
		B7D55E5924497871004BC608 /* OfferMoneyTVC.xib */ = {isa = PBXFileReference; lastKnownFileType = file.xib; path = OfferMoneyTVC.xib; sourceTree = "<group>"; };
		B7D55E5B24497D40004BC608 /* ReservedCell.xib */ = {isa = PBXFileReference; lastKnownFileType = file.xib; path = ReservedCell.xib; sourceTree = "<group>"; };
		B7D55E5D2449B5EA004BC608 /* NextStepCell.xib */ = {isa = PBXFileReference; lastKnownFileType = file.xib; path = NextStepCell.xib; sourceTree = "<group>"; };
		B7D9038123FD30B80004A670 /* StringExtention.swift */ = {isa = PBXFileReference; lastKnownFileType = sourcecode.swift; path = StringExtention.swift; sourceTree = "<group>"; };
		B7E3D9592445B5700035A800 /* SocialFollowingVC.swift */ = {isa = PBXFileReference; lastKnownFileType = sourcecode.swift; path = SocialFollowingVC.swift; sourceTree = "<group>"; };
		B7E3D95B2445B58C0035A800 /* SocialFollowedVC.swift */ = {isa = PBXFileReference; lastKnownFileType = sourcecode.swift; path = SocialFollowedVC.swift; sourceTree = "<group>"; };
		B7E86AEF230EA46E00F60E8F /* BankListVC.swift */ = {isa = PBXFileReference; lastKnownFileType = sourcecode.swift; path = BankListVC.swift; sourceTree = "<group>"; };
		B7EA07332382924C0009870E /* Ambassadoor.entitlements */ = {isa = PBXFileReference; lastKnownFileType = text.plist.entitlements; path = Ambassadoor.entitlements; sourceTree = "<group>"; };
		B7EA07342382C4740009870E /* GoogleService-Info.plist */ = {isa = PBXFileReference; fileEncoding = 4; lastKnownFileType = text.plist.xml; path = "GoogleService-Info.plist"; sourceTree = "<group>"; };
		B7EECFD22552BBF00016E2EA /* VerifyEmailVC.swift */ = {isa = PBXFileReference; lastKnownFileType = sourcecode.swift; path = VerifyEmailVC.swift; sourceTree = "<group>"; };
		B7FA5F342333789F0088C3FE /* TabBarVC.swift */ = {isa = PBXFileReference; lastKnownFileType = sourcecode.swift; path = TabBarVC.swift; sourceTree = "<group>"; };
		B7FA5F3623339F700088C3FE /* OfferAcceptConfirmVC.swift */ = {isa = PBXFileReference; lastKnownFileType = sourcecode.swift; path = OfferAcceptConfirmVC.swift; sourceTree = "<group>"; };
		B7FB2885233A1E4700980F17 /* PaymentSentVC.swift */ = {isa = PBXFileReference; lastKnownFileType = sourcecode.swift; path = PaymentSentVC.swift; sourceTree = "<group>"; };
		C0963EB0220B864B000380C7 /* ImageViewExtensions.swift */ = {isa = PBXFileReference; lastKnownFileType = sourcecode.swift; path = ImageViewExtensions.swift; sourceTree = "<group>"; };
		C0D73642220676CF00A84EB7 /* InstagramAPI.swift */ = {isa = PBXFileReference; lastKnownFileType = sourcecode.swift; path = InstagramAPI.swift; sourceTree = "<group>"; };
		C0D7364422067AE500A84EB7 /* InstagramVC.swift */ = {isa = PBXFileReference; lastKnownFileType = sourcecode.swift; path = InstagramVC.swift; sourceTree = "<group>"; };
		E80709472361C84400A48827 /* CategoryExplanation.swift */ = {isa = PBXFileReference; lastKnownFileType = sourcecode.swift; path = CategoryExplanation.swift; sourceTree = "<group>"; };
		E80AB86721B0DA0D00D9B546 /* ViewOfferNC.swift */ = {isa = PBXFileReference; lastKnownFileType = sourcecode.swift; path = ViewOfferNC.swift; sourceTree = "<group>"; };
		E80AB86921B18A6400D9B546 /* GlobalTimeSync.swift */ = {isa = PBXFileReference; lastKnownFileType = sourcecode.swift; path = GlobalTimeSync.swift; sourceTree = "<group>"; };
		E80AB86B21B1F9E000D9B546 /* inProgressVC.swift */ = {isa = PBXFileReference; lastKnownFileType = sourcecode.swift; path = inProgressVC.swift; sourceTree = "<group>"; };
		E80D54F9245FB9F000C0F4CA /* FollowButtonRegular.xib */ = {isa = PBXFileReference; lastKnownFileType = file.xib; path = FollowButtonRegular.xib; sourceTree = "<group>"; };
		E80FD4FC21A4B8AB003AF50B /* HomeVC.swift */ = {isa = PBXFileReference; lastKnownFileType = sourcecode.swift; path = HomeVC.swift; sourceTree = "<group>"; };
		E80FD4FE21A4F1E4003AF50B /* PageVC.swift */ = {isa = PBXFileReference; lastKnownFileType = sourcecode.swift; path = PageVC.swift; sourceTree = "<group>"; };
		E8109EEB21AEE818008882B1 /* MoneyVC.swift */ = {isa = PBXFileReference; lastKnownFileType = sourcecode.swift; path = MoneyVC.swift; sourceTree = "<group>"; };
		E8109EED21AF6BA8008882B1 /* WithdrawVC.swift */ = {isa = PBXFileReference; lastKnownFileType = sourcecode.swift; path = WithdrawVC.swift; sourceTree = "<group>"; };
		E811B7D424588DCD00A58B30 /* businessViewer.storyboard */ = {isa = PBXFileReference; lastKnownFileType = file.storyboard; path = businessViewer.storyboard; sourceTree = "<group>"; };
		E8128C4F23F36A1800703195 /* ResetPasswordVC.swift */ = {isa = PBXFileReference; lastKnownFileType = sourcecode.swift; path = ResetPasswordVC.swift; sourceTree = "<group>"; };
		E8164F6122249ACC0084CCF9 /* StatVC.swift */ = {isa = PBXFileReference; lastKnownFileType = sourcecode.swift; path = StatVC.swift; sourceTree = "<group>"; };
		E817594F243BAA4B0040CB0B /* Searcher.storyboard */ = {isa = PBXFileReference; lastKnownFileType = file.storyboard; path = Searcher.storyboard; sourceTree = "<group>"; };
		E8175950243BAB290040CB0B /* SearchPVC.swift */ = {isa = PBXFileReference; lastKnownFileType = sourcecode.swift; path = SearchPVC.swift; sourceTree = "<group>"; };
		E81DE120222AF39D00880D41 /* ProfileVC.swift */ = {isa = PBXFileReference; lastKnownFileType = sourcecode.swift; path = ProfileVC.swift; sourceTree = "<group>"; };
		E82347EA21A1D6BF000A1A62 /* Ambassadoor.app */ = {isa = PBXFileReference; explicitFileType = wrapper.application; includeInIndex = 0; path = Ambassadoor.app; sourceTree = BUILT_PRODUCTS_DIR; };
		E82347ED21A1D6BF000A1A62 /* AppDelegate.swift */ = {isa = PBXFileReference; lastKnownFileType = sourcecode.swift; path = AppDelegate.swift; sourceTree = "<group>"; };
		E82347EF21A1D6BF000A1A62 /* ViewController.swift */ = {isa = PBXFileReference; lastKnownFileType = sourcecode.swift; path = ViewController.swift; sourceTree = "<group>"; };
		E82347F221A1D6BF000A1A62 /* Base */ = {isa = PBXFileReference; lastKnownFileType = file.storyboard; name = Base; path = Base.lproj/Main.storyboard; sourceTree = "<group>"; };
		E82347F521A1D6BF000A1A62 /* Ambassadoor.xcdatamodel */ = {isa = PBXFileReference; lastKnownFileType = wrapper.xcdatamodel; path = Ambassadoor.xcdatamodel; sourceTree = "<group>"; };
		E82347F721A1D6C0000A1A62 /* Assets.xcassets */ = {isa = PBXFileReference; lastKnownFileType = folder.assetcatalog; path = Assets.xcassets; sourceTree = "<group>"; };
		E82347FA21A1D6C0000A1A62 /* Base */ = {isa = PBXFileReference; lastKnownFileType = file.storyboard; name = Base; path = Base.lproj/LaunchScreen.storyboard; sourceTree = "<group>"; };
		E82347FC21A1D6C0000A1A62 /* Info.plist */ = {isa = PBXFileReference; lastKnownFileType = text.plist.xml; path = Info.plist; sourceTree = "<group>"; };
		E825C69623F19684003A0B0D /* CreateLoginVC.swift */ = {isa = PBXFileReference; lastKnownFileType = sourcecode.swift; path = CreateLoginVC.swift; sourceTree = "<group>"; };
		E83249A12508144000894749 /* WhatWillTheySeeVC.swift */ = {isa = PBXFileReference; lastKnownFileType = sourcecode.swift; path = WhatWillTheySeeVC.swift; sourceTree = "<group>"; };
		E83249A325081C2B00894749 /* HowToSwitchVC.swift */ = {isa = PBXFileReference; lastKnownFileType = sourcecode.swift; path = HowToSwitchVC.swift; sourceTree = "<group>"; };
		E838F3CA21F687BB0021D0AD /* FirebaseRefrences.swift */ = {isa = PBXFileReference; lastKnownFileType = sourcecode.swift; path = FirebaseRefrences.swift; sourceTree = "<group>"; wrapsLines = 1; };
		E84038CB223541DB00959CD9 /* Notifications.swift */ = {isa = PBXFileReference; lastKnownFileType = sourcecode.swift; path = Notifications.swift; sourceTree = "<group>"; };
		E84667DD23FA1CE600544CE1 /* NotBusinessVC.swift */ = {isa = PBXFileReference; lastKnownFileType = sourcecode.swift; path = NotBusinessVC.swift; sourceTree = "<group>"; };
		E84D685221A9F08C00681D21 /* PostVC.swift */ = {isa = PBXFileReference; lastKnownFileType = sourcecode.swift; path = PostVC.swift; sourceTree = "<group>"; };
		E8589FEF234A971400F1BBDE /* ReportOfferVC.swift */ = {isa = PBXFileReference; lastKnownFileType = sourcecode.swift; path = ReportOfferVC.swift; sourceTree = "<group>"; };
		E866724721FF2C8B00241FB3 /* SignUpVC.swift */ = {isa = PBXFileReference; lastKnownFileType = sourcecode.swift; path = SignUpVC.swift; sourceTree = "<group>"; };
		E86920A1246CC24B0052517B /* EasyRefreshTV.swift */ = {isa = PBXFileReference; lastKnownFileType = sourcecode.swift; path = EasyRefreshTV.swift; sourceTree = "<group>"; };
		E86A1E4A21A784C500DCB0D0 /* structs.swift */ = {isa = PBXFileReference; lastKnownFileType = sourcecode.swift; path = structs.swift; sourceTree = "<group>"; };
		E86A1E4C21A797F000DCB0D0 /* Savvy.swift */ = {isa = PBXFileReference; lastKnownFileType = sourcecode.swift; path = Savvy.swift; sourceTree = "<group>"; };
		E86A1E4E21A86CE900DCB0D0 /* RejectedOffersVC.swift */ = {isa = PBXFileReference; lastKnownFileType = sourcecode.swift; path = RejectedOffersVC.swift; sourceTree = "<group>"; };
		E86A1E5021A87C1200DCB0D0 /* global.swift */ = {isa = PBXFileReference; lastKnownFileType = sourcecode.swift; path = global.swift; sourceTree = "<group>"; };
		E86A1E5221A893D100DCB0D0 /* OfferVC.swift */ = {isa = PBXFileReference; lastKnownFileType = sourcecode.swift; path = OfferVC.swift; sourceTree = "<group>"; };
		E86B092521DBF0F30009C45D /* socialPageVC.swift */ = {isa = PBXFileReference; lastKnownFileType = sourcecode.swift; path = socialPageVC.swift; sourceTree = "<group>"; };
		E86B092721DBF8050009C45D /* socialTierVC.swift */ = {isa = PBXFileReference; lastKnownFileType = sourcecode.swift; path = socialTierVC.swift; sourceTree = "<group>"; };
		E86B092921DBF81C0009C45D /* socialCategoryVC.swift */ = {isa = PBXFileReference; lastKnownFileType = sourcecode.swift; path = socialCategoryVC.swift; sourceTree = "<group>"; };
		E86B092B21DBF82F0009C45D /* socialSearchVC.swift */ = {isa = PBXFileReference; lastKnownFileType = sourcecode.swift; path = socialSearchVC.swift; sourceTree = "<group>"; };
		E871623C2467C42D00BA48BE /* SimplexBackground.xib */ = {isa = PBXFileReference; lastKnownFileType = file.xib; path = SimplexBackground.xib; sourceTree = "<group>"; };
		E871623E2467C47000BA48BE /* SimplexBackground.swift */ = {isa = PBXFileReference; lastKnownFileType = sourcecode.swift; path = SimplexBackground.swift; sourceTree = "<group>"; };
		E8721D692436E5580016D2B3 /* OfferMenu.storyboard */ = {isa = PBXFileReference; lastKnownFileType = file.storyboard; path = OfferMenu.storyboard; sourceTree = "<group>"; };
		E8721D6B2436E7C60016D2B3 /* OffersPVC.swift */ = {isa = PBXFileReference; lastKnownFileType = sourcecode.swift; path = OffersPVC.swift; sourceTree = "<group>"; };
		E878729723F6353600B4163B /* BasicInfoVC.swift */ = {isa = PBXFileReference; lastKnownFileType = sourcecode.swift; path = BasicInfoVC.swift; sourceTree = "<group>"; };
		E879800F243E6A8600F32137 /* inProgress.storyboard */ = {isa = PBXFileReference; lastKnownFileType = file.storyboard; path = inProgress.storyboard; sourceTree = "<group>"; };
		E87980122444087B00F32137 /* simplexSocial.storyboard */ = {isa = PBXFileReference; lastKnownFileType = file.storyboard; path = simplexSocial.storyboard; sourceTree = "<group>"; };
		E8798014244408DF00F32137 /* SocialPVC.swift */ = {isa = PBXFileReference; lastKnownFileType = sourcecode.swift; path = SocialPVC.swift; sourceTree = "<group>"; };
		E87C01AA23ED8F9A002B1F9A /* CreateAccountVC.swift */ = {isa = PBXFileReference; lastKnownFileType = sourcecode.swift; path = CreateAccountVC.swift; sourceTree = "<group>"; };
		E87EC2E1236C998C00690037 /* GeolocationTools.swift */ = {isa = PBXFileReference; lastKnownFileType = sourcecode.swift; path = GeolocationTools.swift; sourceTree = "<group>"; };
		E87EC2E3236C9A2900690037 /* SocialAlgorithms.swift */ = {isa = PBXFileReference; lastKnownFileType = sourcecode.swift; path = SocialAlgorithms.swift; sourceTree = "<group>"; };
		E87FC7EC2461016C00595E28 /* FollowButtonSmall.xib */ = {isa = PBXFileReference; lastKnownFileType = file.xib; path = FollowButtonSmall.xib; sourceTree = "<group>"; };
		E87FC7ED2461017800595E28 /* FollowButtonSmall.swift */ = {isa = PBXFileReference; lastKnownFileType = sourcecode.swift; path = FollowButtonSmall.swift; sourceTree = "<group>"; };
		E880460423F4272B00A21ABE /* ConnectInstagramVC.swift */ = {isa = PBXFileReference; lastKnownFileType = sourcecode.swift; path = ConnectInstagramVC.swift; sourceTree = "<group>"; };
		E880460623F44BAD00A21ABE /* InstagramConnectedVC.swift */ = {isa = PBXFileReference; lastKnownFileType = sourcecode.swift; path = InstagramConnectedVC.swift; sourceTree = "<group>"; };
		E880460823F4A8FC00A21ABE /* AccountInUseVC.swift */ = {isa = PBXFileReference; lastKnownFileType = sourcecode.swift; path = AccountInUseVC.swift; sourceTree = "<group>"; };
		E88A080F23EDED24000AD3C7 /* SigninVC.swift */ = {isa = PBXFileReference; lastKnownFileType = sourcecode.swift; path = SigninVC.swift; sourceTree = "<group>"; };
		E88CF1D625215FAE0024BA86 /* AppOpenB.mp4 */ = {isa = PBXFileReference; lastKnownFileType = file; path = AppOpenB.mp4; sourceTree = "<group>"; };
		E890093924E4D75200F8C7D1 /* developmentSettings.swift */ = {isa = PBXFileReference; lastKnownFileType = sourcecode.swift; path = developmentSettings.swift; sourceTree = "<group>"; };
		E89480A12236E95C00C809E5 /* categories.swift */ = {isa = PBXFileReference; lastKnownFileType = sourcecode.swift; path = categories.swift; sourceTree = "<group>"; };
		E89584BA23EDBC0200B064F4 /* NewAccount.swift */ = {isa = PBXFileReference; lastKnownFileType = sourcecode.swift; path = NewAccount.swift; sourceTree = "<group>"; };
		E89584BC23EDD44D00B064F4 /* WelcomeVC.swift */ = {isa = PBXFileReference; lastKnownFileType = sourcecode.swift; path = WelcomeVC.swift; sourceTree = "<group>"; };
		E8963EA021F7F16B0047CF99 /* OfferCell.swift */ = {isa = PBXFileReference; lastKnownFileType = sourcecode.swift; path = OfferCell.swift; sourceTree = "<group>"; };
		E8A84AAE222AB3FC00D9E2C9 /* ClassPickerVC.swift */ = {isa = PBXFileReference; lastKnownFileType = sourcecode.swift; path = ClassPickerVC.swift; sourceTree = "<group>"; };
		E8A84AB0222AB40B00D9E2C9 /* CategoryPickerVC.swift */ = {isa = PBXFileReference; lastKnownFileType = sourcecode.swift; path = CategoryPickerVC.swift; sourceTree = "<group>"; };
		E8AAE63A23EC3D7300EC28D4 /* LoginSetup.storyboard */ = {isa = PBXFileReference; lastKnownFileType = file.storyboard; path = LoginSetup.storyboard; sourceTree = "<group>"; };
		E8AAE63C23EC3E0E00EC28D4 /* StandardNC.swift */ = {isa = PBXFileReference; fileEncoding = 4; lastKnownFileType = sourcecode.swift; path = StandardNC.swift; sourceTree = "<group>"; };
		E8B75E9724480513004BD810 /* offerViewer.storyboard */ = {isa = PBXFileReference; lastKnownFileType = file.storyboard; path = offerViewer.storyboard; sourceTree = "<group>"; };
		E8C02753220F32C000B79D54 /* BoldButton.swift */ = {isa = PBXFileReference; lastKnownFileType = sourcecode.swift; path = BoldButton.swift; sourceTree = "<group>"; };
		E8C369562216270E00AE12D7 /* ViewProfileVC.swift */ = {isa = PBXFileReference; lastKnownFileType = sourcecode.swift; path = ViewProfileVC.swift; sourceTree = "<group>"; };
		E8C795D1245F25CD0090E60E /* FollowButton.swift */ = {isa = PBXFileReference; lastKnownFileType = sourcecode.swift; path = FollowButton.swift; sourceTree = "<group>"; };
		E8C9048B236859A400FB9584 /* TierInfoVC.swift */ = {isa = PBXFileReference; lastKnownFileType = sourcecode.swift; path = TierInfoVC.swift; sourceTree = "<group>"; };
		E8CBD7BD21E29400003B5B02 /* People.swift */ = {isa = PBXFileReference; lastKnownFileType = sourcecode.swift; path = People.swift; sourceTree = "<group>"; };
		E8CBF56D2463161400574E38 /* ReporterFeature.swift */ = {isa = PBXFileReference; lastKnownFileType = sourcecode.swift; path = ReporterFeature.swift; sourceTree = "<group>"; };
		E8CBF56F2463169900574E38 /* ProblemPickerVC.swift */ = {isa = PBXFileReference; lastKnownFileType = sourcecode.swift; path = ProblemPickerVC.swift; sourceTree = "<group>"; };
		E8CBF571246316A300574E38 /* ReportWriterVC.swift */ = {isa = PBXFileReference; lastKnownFileType = sourcecode.swift; path = ReportWriterVC.swift; sourceTree = "<group>"; };
		E8D4B2472362543100DC0FEA /* FakeSplash.swift */ = {isa = PBXFileReference; lastKnownFileType = sourcecode.swift; path = FakeSplash.swift; sourceTree = "<group>"; };
		E8DF9D91246501B70045CA57 /* CaptionCrafterVC.swift */ = {isa = PBXFileReference; lastKnownFileType = sourcecode.swift; path = CaptionCrafterVC.swift; sourceTree = "<group>"; };
		E8DF9D932465F24F0045CA57 /* acceptVerifierVC.swift */ = {isa = PBXFileReference; lastKnownFileType = sourcecode.swift; path = acceptVerifierVC.swift; sourceTree = "<group>"; };
		E8DF9D952465FF640045CA57 /* OfferViewerCells.swift */ = {isa = PBXFileReference; lastKnownFileType = sourcecode.swift; path = OfferViewerCells.swift; sourceTree = "<group>"; };
		E8E84120234CF43C00AA4957 /* StripeConnectionMKWebview.swift */ = {isa = PBXFileReference; fileEncoding = 4; lastKnownFileType = sourcecode.swift; path = StripeConnectionMKWebview.swift; sourceTree = "<group>"; };
		E8E888D82209B78400ECF398 /* VerifedVC.swift */ = {isa = PBXFileReference; lastKnownFileType = sourcecode.swift; path = VerifedVC.swift; sourceTree = "<group>"; };
		E8EB5C21246B8A57007AEDB6 /* SearchCells.swift */ = {isa = PBXFileReference; lastKnownFileType = sourcecode.swift; path = SearchCells.swift; sourceTree = "<group>"; };
		E8EE3E492469BBE600E81F5B /* OfferCells.swift */ = {isa = PBXFileReference; lastKnownFileType = sourcecode.swift; path = OfferCells.swift; sourceTree = "<group>"; };
		E8EF2C77222D786500B2EDC6 /* CategoryPicker.swift */ = {isa = PBXFileReference; lastKnownFileType = sourcecode.swift; path = CategoryPicker.swift; sourceTree = "<group>"; };
		E8EF2C79222DDD6300B2EDC6 /* ZipCodeVC.swift */ = {isa = PBXFileReference; lastKnownFileType = sourcecode.swift; path = ZipCodeVC.swift; sourceTree = "<group>"; };
		E8F9D0AB21AA362500DD1616 /* ProductVC.swift */ = {isa = PBXFileReference; lastKnownFileType = sourcecode.swift; path = ProductVC.swift; sourceTree = "<group>"; };
		E8F9D0AD21AA3FDC00DD1616 /* CompanyVC.swift */ = {isa = PBXFileReference; lastKnownFileType = sourcecode.swift; path = CompanyVC.swift; sourceTree = "<group>"; };
/* End PBXFileReference section */

/* Begin PBXFrameworksBuildPhase section */
		E82347E721A1D6BF000A1A62 /* Frameworks */ = {
			isa = PBXFrameworksBuildPhase;
			buildActionMask = 2147483647;
			files = (
				45493CA670B234DB5D4610BF /* Pods_Ambassadoor.framework in Frameworks */,
			);
			runOnlyForDeploymentPostprocessing = 0;
		};
/* End PBXFrameworksBuildPhase section */

/* Begin PBXGroup section */
		7E29E754DD48467D1A2EBF92 /* Frameworks */ = {
			isa = PBXGroup;
			children = (
				236138913E9C5102B8E1275E /* Pods_Ambassadoor.framework */,
			);
			name = Frameworks;
			sourceTree = "<group>";
		};
		8BDCD69B7C24A92B87512BAA /* Pods */ = {
			isa = PBXGroup;
			children = (
				3C063C7693442ACADF942259 /* Pods-Ambassadoor.debug.xcconfig */,
				0A97662B45396EF7FCF0C532 /* Pods-Ambassadoor.release.xcconfig */,
			);
			name = Pods;
			sourceTree = "<group>";
		};
		B775F9E125221DA2001C5787 /* VideoReference */ = {
			isa = PBXGroup;
			children = (
				B775F9DB25221D6D001C5787 /* InstructVideoOneVC.swift */,
				B775F9DD25221D85001C5787 /* InstructVideoTwoVC.swift */,
				B775F9DF25221D9D001C5787 /* InstructVideoThreeVC.swift */,
			);
			path = VideoReference;
			sourceTree = "<group>";
		};
		B7A13922252EDB5C00FB4C78 /* ConnectInstagramVCs */ = {
			isa = PBXGroup;
			children = (
				B775F9D52521BE45001C5787 /* ConnectInstagramPVC.swift */,
				B775F9D72521DDA3001C5787 /* InstagramBaseVC.swift */,
				B7261DAA24EE420200BB2B29 /* ConnectStepsVC.swift */,
				E832499E2508141500894749 /* QandA */,
				B775F9E125221DA2001C5787 /* VideoReference */,
				B775F9D92521E8EF001C5787 /* ConnectInstaOnlyVC.swift */,
			);
			path = ConnectInstagramVCs;
			sourceTree = "<group>";
		};
		B7A17900243C8E7E000670C3 /* AmbassadoorUsers */ = {
			isa = PBXGroup;
			children = (
				B7A178FE243C8C67000670C3 /* BusinessUserTVC.xib */,
				B7A178FC243C8C48000670C3 /* InfluencerTVC.xib */,
			);
			path = AmbassadoorUsers;
			sourceTree = "<group>";
		};
		B7CE99BE2448A26E00517330 /* OfferViewXib */ = {
			isa = PBXGroup;
			children = (
				B7CE99BC2448A25D00517330 /* WarnUser.xib */,
				B7CE99BF2448A2AD00517330 /* PostDetailCell.xib */,
				B7CE99C12448A33100517330 /* CompanyInfo.xib */,
				B7CE99C32448DC7D00517330 /* PostInfoCell.xib */,
				B7C25CE7245011040060F472 /* PostDetailInfoCell.xib */,
				B7D55E5924497871004BC608 /* OfferMoneyTVC.xib */,
				B7D55E5B24497D40004BC608 /* ReservedCell.xib */,
				B7D55E5D2449B5EA004BC608 /* NextStepCell.xib */,
			);
			path = OfferViewXib;
			sourceTree = "<group>";
		};
		B7D2390F2444713700CD9F65 /* SocialCells */ = {
			isa = PBXGroup;
			children = (
				B7D239102444717E00CD9F65 /* SocialCell.xib */,
			);
			path = SocialCells;
			sourceTree = "<group>";
		};
		C0963EAF220B838F000380C7 /* Extensions */ = {
			isa = PBXGroup;
			children = (
				C0963EB0220B864B000380C7 /* ImageViewExtensions.swift */,
				B7BCE52822E9BB1800666689 /* DateExtension.swift */,
				B7446CC322FD81BB0061983F /* UIViewControllerExtensions.swift */,
				B7D9038123FD30B80004A670 /* StringExtention.swift */,
				B7CAD15A23FEA634005CD144 /* UITextFieldExtension.swift */,
			);
			path = Extensions;
			sourceTree = "<group>";
		};
		E811B7D324588DAB00A58B30 /* Simplex Business Viewer */ = {
			isa = PBXGroup;
			children = (
				E811B7D424588DCD00A58B30 /* businessViewer.storyboard */,
				B7CD174E2459643D00D1F63A /* ViewBusinessVC.swift */,
				E8CBF56C246315C900574E38 /* Reporter */,
			);
			path = "Simplex Business Viewer";
			sourceTree = "<group>";
		};
		E817594E243BA8FA0040CB0B /* Simplex Search */ = {
			isa = PBXGroup;
			children = (
				E817594F243BAA4B0040CB0B /* Searcher.storyboard */,
				B7A178F8243C8109000670C3 /* SearchMenuVC.swift */,
				E8175950243BAB290040CB0B /* SearchPVC.swift */,
				B7A178FA243C8BBF000670C3 /* InfluencerListVC.swift */,
				B7A17901243C8EC2000670C3 /* BusinessInfluencerVC.swift */,
				B7A17903243C8ED6000670C3 /* BusinessVC.swift */,
				E8EB5C21246B8A57007AEDB6 /* SearchCells.swift */,
				B7A17900243C8E7E000670C3 /* AmbassadoorUsers */,
			);
			path = "Simplex Search";
			sourceTree = "<group>";
		};
		E82347E121A1D6BF000A1A62 = {
			isa = PBXGroup;
			children = (
				E82347EC21A1D6BF000A1A62 /* Ambassadoor */,
				E82347EB21A1D6BF000A1A62 /* Products */,
				8BDCD69B7C24A92B87512BAA /* Pods */,
				7E29E754DD48467D1A2EBF92 /* Frameworks */,
			);
			sourceTree = "<group>";
		};
		E82347EB21A1D6BF000A1A62 /* Products */ = {
			isa = PBXGroup;
			children = (
				E82347EA21A1D6BF000A1A62 /* Ambassadoor.app */,
			);
			name = Products;
			sourceTree = "<group>";
		};
		E82347EC21A1D6BF000A1A62 /* Ambassadoor */ = {
			isa = PBXGroup;
			children = (
				B7EA07332382924C0009870E /* Ambassadoor.entitlements */,
				B7EA07342382C4740009870E /* GoogleService-Info.plist */,
				E870FE69236CF491002ABE31 /* View Offer */,
				E870FE68236CF48D002ABE31 /* Model */,
				E870FE67236CF487002ABE31 /* Money */,
				E870FE66236CF47E002ABE31 /* Home */,
				E870FE65236CF46C002ABE31 /* Resources */,
				E870FE64236CF465002ABE31 /* TableviewCells */,
				E870FE63236CF45E002ABE31 /* Helpers */,
				E8A84AAD222AB3D400D9E2C9 /* Category Picker */,
				C0963EAF220B838F000380C7 /* Extensions */,
				E866724621FF2C6B00241FB3 /* Signup */,
				E86B092421DBEF600009C45D /* Social */,
				E870FE62236CF446002ABE31 /* Profile */,
				E87980112444084B00F32137 /* Simplex Social */,
				E817594E243BA8FA0040CB0B /* Simplex Search */,
				E8721D682436E53E0016D2B3 /* Simplex Offer Menu */,
				E811B7D324588DAB00A58B30 /* Simplex Business Viewer */,
				E8B75E96244804F6004BD810 /* Simplex Offer Viewer */,
				E879800E243E6A5500F32137 /* Simplex In Progress */,
				E87BA92123EB65E0008D7628 /* Simplex Setup */,
				E82347ED21A1D6BF000A1A62 /* AppDelegate.swift */,
				E8AAE63C23EC3E0E00EC28D4 /* StandardNC.swift */,
				B7FA5F342333789F0088C3FE /* TabBarVC.swift */,
				E82347EF21A1D6BF000A1A62 /* ViewController.swift */,
				B7C4BF0E2302FFE00024C3C3 /* Ambassadoor-Bridging-Header.h */,
				B78D114A2306AF510073F64B /* CustomObject.h */,
				B78D11492306AF500073F64B /* CustomObject.m */,
				E82347F121A1D6BF000A1A62 /* Main.storyboard */,
				E82347F921A1D6C0000A1A62 /* LaunchScreen.storyboard */,
				E82347F721A1D6C0000A1A62 /* Assets.xcassets */,
				E82347FC21A1D6C0000A1A62 /* Info.plist */,
				E82347F421A1D6BF000A1A62 /* Ambassadoor.xcdatamodeld */,
				B73F09892329294D00CD6B00 /* DwollaCustomerInformation.swift */,
				E890093924E4D75200F8C7D1 /* developmentSettings.swift */,
			);
			path = Ambassadoor;
			sourceTree = "<group>";
		};
		E832499E2508141500894749 /* QandA */ = {
			isa = PBXGroup;
			children = (
				E83249A325081C2B00894749 /* HowToSwitchVC.swift */,
				E83249A12508144000894749 /* WhatWillTheySeeVC.swift */,
			);
			path = QandA;
			sourceTree = "<group>";
		};
		E84E753A23F5A5B900820F7D /* Connect Instagram */ = {
			isa = PBXGroup;
			children = (
				E880460423F4272B00A21ABE /* ConnectInstagramVC.swift */,
				E880460623F44BAD00A21ABE /* InstagramConnectedVC.swift */,
				E880460823F4A8FC00A21ABE /* AccountInUseVC.swift */,
				E84667DD23FA1CE600544CE1 /* NotBusinessVC.swift */,
				B7A13922252EDB5C00FB4C78 /* ConnectInstagramVCs */,
			);
			path = "Connect Instagram";
			sourceTree = "<group>";
		};
		E866724621FF2C6B00241FB3 /* Signup */ = {
			isa = PBXGroup;
			children = (
				E866724721FF2C8B00241FB3 /* SignUpVC.swift */,
				C0D7364422067AE500A84EB7 /* InstagramVC.swift */,
				E8E888D82209B78400ECF398 /* VerifedVC.swift */,
				B7422E6622FC03510076F076 /* OtherInfoVC.swift */,
				B71A90F3233258D4002B6F1A /* WebViewVC.swift */,
				E80709472361C84400A48827 /* CategoryExplanation.swift */,
			);
			path = Signup;
			sourceTree = "<group>";
		};
		E86B092421DBEF600009C45D /* Social */ = {
			isa = PBXGroup;
			children = (
				E86B092721DBF8050009C45D /* socialTierVC.swift */,
				E86B092921DBF81C0009C45D /* socialCategoryVC.swift */,
				E86B092B21DBF82F0009C45D /* socialSearchVC.swift */,
				E86B092521DBF0F30009C45D /* socialPageVC.swift */,
				E8C369562216270E00AE12D7 /* ViewProfileVC.swift */,
				E8164F6122249ACC0084CCF9 /* StatVC.swift */,
				E87EC2E3236C9A2900690037 /* SocialAlgorithms.swift */,
			);
			path = Social;
			sourceTree = "<group>";
		};
		E870FE62236CF446002ABE31 /* Profile */ = {
			isa = PBXGroup;
			children = (
				E81DE120222AF39D00880D41 /* ProfileVC.swift */,
				E8EF2C79222DDD6300B2EDC6 /* ZipCodeVC.swift */,
				E8C9048B236859A400FB9584 /* TierInfoVC.swift */,
				B7460DEC237435C000D74EF2 /* OfferHistoryVC.swift */,
				B71BE92E250FA54C0009A242 /* ReferralInfoVC.swift */,
			);
			path = Profile;
			sourceTree = "<group>";
		};
		E870FE63236CF45E002ABE31 /* Helpers */ = {
			isa = PBXGroup;
			children = (
				B73F098523291B3100CD6B00 /* APIManager.swift */,
				B7B97D71233DE84C0028E7E2 /* NetworkReachability.swift */,
			);
			path = Helpers;
			sourceTree = "<group>";
		};
		E870FE64236CF465002ABE31 /* TableviewCells */ = {
			isa = PBXGroup;
			children = (
				B7D42094232A7AB1009F0FCE /* ConnectedPlaidTVCell.swift */,
			);
			path = TableviewCells;
			sourceTree = "<group>";
		};
		E870FE65236CF46C002ABE31 /* Resources */ = {
			isa = PBXGroup;
			children = (
				E8C02753220F32C000B79D54 /* BoldButton.swift */,
				E84038CB223541DB00959CD9 /* Notifications.swift */,
				E8D4B2472362543100DC0FEA /* FakeSplash.swift */,
				E8C795D1245F25CD0090E60E /* FollowButton.swift */,
				E87FC7ED2461017800595E28 /* FollowButtonSmall.swift */,
				E87FC7EC2461016C00595E28 /* FollowButtonSmall.xib */,
				E80D54F9245FB9F000C0F4CA /* FollowButtonRegular.xib */,
				E871623C2467C42D00BA48BE /* SimplexBackground.xib */,
				E871623E2467C47000BA48BE /* SimplexBackground.swift */,
				E86920A1246CC24B0052517B /* EasyRefreshTV.swift */,
			);
			path = Resources;
			sourceTree = "<group>";
		};
		E870FE66236CF47E002ABE31 /* Home */ = {
			isa = PBXGroup;
			children = (
				E80FD4FC21A4B8AB003AF50B /* HomeVC.swift */,
				E86A1E4E21A86CE900DCB0D0 /* RejectedOffersVC.swift */,
				E80FD4FE21A4F1E4003AF50B /* PageVC.swift */,
				E80AB86B21B1F9E000D9B546 /* inProgressVC.swift */,
				E8963EA021F7F16B0047CF99 /* OfferCell.swift */,
			);
			path = Home;
			sourceTree = "<group>";
		};
		E870FE67236CF487002ABE31 /* Money */ = {
			isa = PBXGroup;
			children = (
				E8109EEB21AEE818008882B1 /* MoneyVC.swift */,
				E8109EED21AF6BA8008882B1 /* WithdrawVC.swift */,
				B7E86AEF230EA46E00F60E8F /* BankListVC.swift */,
				B73F098723291DA000CD6B00 /* DwollaUserInformationVC.swift */,
				B7D4209A232AA94F009F0FCE /* TransactionListVC.swift */,
				B7FB2885233A1E4700980F17 /* PaymentSentVC.swift */,
				E8E84120234CF43C00AA4957 /* StripeConnectionMKWebview.swift */,
			);
			path = Money;
			sourceTree = "<group>";
		};
		E870FE68236CF48D002ABE31 /* Model */ = {
			isa = PBXGroup;
			children = (
				C0D73642220676CF00A84EB7 /* InstagramAPI.swift */,
				E86A1E4A21A784C500DCB0D0 /* structs.swift */,
				E89480A12236E95C00C809E5 /* categories.swift */,
				E86A1E4C21A797F000DCB0D0 /* Savvy.swift */,
				E86A1E5021A87C1200DCB0D0 /* global.swift */,
				E80AB86921B18A6400D9B546 /* GlobalTimeSync.swift */,
				E8CBD7BD21E29400003B5B02 /* People.swift */,
				E838F3CA21F687BB0021D0AD /* FirebaseRefrences.swift */,
				E87EC2E1236C998C00690037 /* GeolocationTools.swift */,
			);
			path = Model;
			sourceTree = "<group>";
		};
		E870FE69236CF491002ABE31 /* View Offer */ = {
			isa = PBXGroup;
			children = (
				E86A1E5221A893D100DCB0D0 /* OfferVC.swift */,
				B7FA5F3623339F700088C3FE /* OfferAcceptConfirmVC.swift */,
				E8F9D0AD21AA3FDC00DD1616 /* CompanyVC.swift */,
				E84D685221A9F08C00681D21 /* PostVC.swift */,
				E8F9D0AB21AA362500DD1616 /* ProductVC.swift */,
				E80AB86721B0DA0D00D9B546 /* ViewOfferNC.swift */,
				E8589FEF234A971400F1BBDE /* ReportOfferVC.swift */,
			);
			path = "View Offer";
			sourceTree = "<group>";
		};
		E8721D682436E53E0016D2B3 /* Simplex Offer Menu */ = {
			isa = PBXGroup;
			children = (
				E8721D692436E5580016D2B3 /* OfferMenu.storyboard */,
				E8721D6B2436E7C60016D2B3 /* OffersPVC.swift */,
				B7C762BB243745A90002623F /* OfferMenuVC.swift */,
				B7C762BD243787580002623F /* FilteredOfferVC.swift */,
				B79CAC37243B0254009F982D /* AllOfferVC.swift */,
				B7A178F4243C5531000670C3 /* FollowedOfferVC.swift */,
				E8EE3E492469BBE600E81F5B /* OfferCells.swift */,
				B79CAC39243B082D009F982D /* StandardOfferCell.xib */,
				B7A178F6243C57BD000670C3 /* FollowedCompaniesOffer.xib */,
			);
			path = "Simplex Offer Menu";
			sourceTree = "<group>";
		};
		E879800E243E6A5500F32137 /* Simplex In Progress */ = {
			isa = PBXGroup;
			children = (
				E879800F243E6A8600F32137 /* inProgress.storyboard */,
				B7263284243F16D000202DFB /* InProgressVC.swift */,
			);
			path = "Simplex In Progress";
			sourceTree = "<group>";
		};
		E87980112444084B00F32137 /* Simplex Social */ = {
			isa = PBXGroup;
			children = (
				E87980122444087B00F32137 /* simplexSocial.storyboard */,
				E8798014244408DF00F32137 /* SocialPVC.swift */,
				B7D2390B24445EF100CD9F65 /* SocialMenuVC.swift */,
				B7D2390D244470A300CD9F65 /* SocialFeedVC.swift */,
				B7E3D9592445B5700035A800 /* SocialFollowingVC.swift */,
				B7E3D95B2445B58C0035A800 /* SocialFollowedVC.swift */,
				B7D2390F2444713700CD9F65 /* SocialCells */,
			);
			path = "Simplex Social";
			sourceTree = "<group>";
		};
		E87BA92123EB65E0008D7628 /* Simplex Setup */ = {
			isa = PBXGroup;
			children = (
				B775F9D32521B2F1001C5787 /* AppOpenW.mp4 */,
				E88CF1D625215FAE0024BA86 /* AppOpenB.mp4 */,
				B7A13923252EDF4800FB4C78 /* SignUpTutorial1.mp4 */,
				B7A13925252EDF5500FB4C78 /* SignUpTutorial2.mp4 */,
				E84E753A23F5A5B900820F7D /* Connect Instagram */,
				E8AAE63A23EC3D7300EC28D4 /* LoginSetup.storyboard */,
				B753BDD8245BDDD6009DFEBF /* TempLaunch.storyboard */,
				E87C01AA23ED8F9A002B1F9A /* CreateAccountVC.swift */,
				E89584BA23EDBC0200B064F4 /* NewAccount.swift */,
				E89584BC23EDD44D00B064F4 /* WelcomeVC.swift */,
				E88A080F23EDED24000AD3C7 /* SigninVC.swift */,
				B7EECFD22552BBF00016E2EA /* VerifyEmailVC.swift */,
				E825C69623F19684003A0B0D /* CreateLoginVC.swift */,
				E8128C4F23F36A1800703195 /* ResetPasswordVC.swift */,
				B7CAD15C23FEAB5D005CD144 /* SetPasswordVC.swift */,
				B7CAD15823FE8019005CD144 /* VerifyOTPVC.swift */,
				E878729723F6353600B4163B /* BasicInfoVC.swift */,
			);
			path = "Simplex Setup";
			sourceTree = "<group>";
		};
		E8A84AAD222AB3D400D9E2C9 /* Category Picker */ = {
			isa = PBXGroup;
			children = (
				E8A84AAE222AB3FC00D9E2C9 /* ClassPickerVC.swift */,
				E8A84AB0222AB40B00D9E2C9 /* CategoryPickerVC.swift */,
				E8EF2C77222D786500B2EDC6 /* CategoryPicker.swift */,
			);
			path = "Category Picker";
			sourceTree = "<group>";
		};
		E8B75E96244804F6004BD810 /* Simplex Offer Viewer */ = {
			isa = PBXGroup;
			children = (
				E8B75E9724480513004BD810 /* offerViewer.storyboard */,
				B7CE99BA244897C400517330 /* OfferViewerVC.swift */,
				B7C25CE924503F380060F472 /* ViewPostColorfulVC.swift */,
				B7C25CEB24503F590060F472 /* ViewPostDetailedVC.swift */,
				E8DF9D91246501B70045CA57 /* CaptionCrafterVC.swift */,
				E8DF9D932465F24F0045CA57 /* acceptVerifierVC.swift */,
				E8DF9D952465FF640045CA57 /* OfferViewerCells.swift */,
				B7CE99BE2448A26E00517330 /* OfferViewXib */,
			);
			path = "Simplex Offer Viewer";
			sourceTree = "<group>";
		};
		E8CBF56C246315C900574E38 /* Reporter */ = {
			isa = PBXGroup;
			children = (
				E8CBF56D2463161400574E38 /* ReporterFeature.swift */,
				E8CBF56F2463169900574E38 /* ProblemPickerVC.swift */,
				E8CBF571246316A300574E38 /* ReportWriterVC.swift */,
			);
			path = Reporter;
			sourceTree = "<group>";
		};
/* End PBXGroup section */

/* Begin PBXNativeTarget section */
		E82347E921A1D6BF000A1A62 /* Ambassadoor */ = {
			isa = PBXNativeTarget;
			buildConfigurationList = E82347FF21A1D6C0000A1A62 /* Build configuration list for PBXNativeTarget "Ambassadoor" */;
			buildPhases = (
				E522670BDF9303C8248A1198 /* [CP] Check Pods Manifest.lock */,
				E82347E621A1D6BF000A1A62 /* Sources */,
				E82347E721A1D6BF000A1A62 /* Frameworks */,
				E82347E821A1D6BF000A1A62 /* Resources */,
				233188C24CB68CA73AD25D62 /* [CP] Embed Pods Frameworks */,
			);
			buildRules = (
			);
			dependencies = (
			);
			name = Ambassadoor;
			productName = Ambassadoor;
			productReference = E82347EA21A1D6BF000A1A62 /* Ambassadoor.app */;
			productType = "com.apple.product-type.application";
		};
/* End PBXNativeTarget section */

/* Begin PBXProject section */
		E82347E221A1D6BF000A1A62 /* Project object */ = {
			isa = PBXProject;
			attributes = {
				LastSwiftUpdateCheck = 1010;
				LastUpgradeCheck = 1010;
				ORGANIZATIONNAME = "Tesseract Freelance, LLC";
				TargetAttributes = {
					E82347E921A1D6BF000A1A62 = {
						CreatedOnToolsVersion = 10.1;
						LastSwiftMigration = 1100;
						SystemCapabilities = {
							com.apple.BackgroundModes = {
								enabled = 0;
							};
							com.apple.Push = {
								enabled = 0;
							};
						};
					};
				};
			};
			buildConfigurationList = E82347E521A1D6BF000A1A62 /* Build configuration list for PBXProject "Ambassadoor" */;
			compatibilityVersion = "Xcode 9.3";
			developmentRegion = en;
			hasScannedForEncodings = 0;
			knownRegions = (
				en,
				Base,
			);
			mainGroup = E82347E121A1D6BF000A1A62;
			productRefGroup = E82347EB21A1D6BF000A1A62 /* Products */;
			projectDirPath = "";
			projectRoot = "";
			targets = (
				E82347E921A1D6BF000A1A62 /* Ambassadoor */,
			);
		};
/* End PBXProject section */

/* Begin PBXResourcesBuildPhase section */
		E82347E821A1D6BF000A1A62 /* Resources */ = {
			isa = PBXResourcesBuildPhase;
			buildActionMask = 2147483647;
			files = (
				E8798010243E6A8600F32137 /* inProgress.storyboard in Resources */,
				E8B75E9824480513004BD810 /* offerViewer.storyboard in Resources */,
				E82347FB21A1D6C0000A1A62 /* LaunchScreen.storyboard in Resources */,
				B775F9D42521B2F1001C5787 /* AppOpenW.mp4 in Resources */,
				B7CE99C02448A2AD00517330 /* PostDetailCell.xib in Resources */,
				B7EA07352382C4740009870E /* GoogleService-Info.plist in Resources */,
				B7CE99BD2448A25D00517330 /* WarnUser.xib in Resources */,
				E811B7D524588DCD00A58B30 /* businessViewer.storyboard in Resources */,
				E8721D6A2436E5580016D2B3 /* OfferMenu.storyboard in Resources */,
				B7A178F7243C57BE000670C3 /* FollowedCompaniesOffer.xib in Resources */,
				E8AAE63B23EC3D7300EC28D4 /* LoginSetup.storyboard in Resources */,
				B7D239112444717E00CD9F65 /* SocialCell.xib in Resources */,
				E82347F821A1D6C0000A1A62 /* Assets.xcassets in Resources */,
				B7CE99C42448DC7D00517330 /* PostInfoCell.xib in Resources */,
				B7A13926252EDF5500FB4C78 /* SignUpTutorial2.mp4 in Resources */,
				B753BDD9245BDDD6009DFEBF /* TempLaunch.storyboard in Resources */,
				B7D55E5E2449B5EA004BC608 /* NextStepCell.xib in Resources */,
				E87FC7EF2461018500595E28 /* FollowButtonSmall.xib in Resources */,
				E80D54FA245FB9F000C0F4CA /* FollowButtonRegular.xib in Resources */,
				E88CF1D725215FAE0024BA86 /* AppOpenB.mp4 in Resources */,
				B7A178FD243C8C48000670C3 /* InfluencerTVC.xib in Resources */,
				B7D55E5A24497871004BC608 /* OfferMoneyTVC.xib in Resources */,
				B7D55E5C24497D40004BC608 /* ReservedCell.xib in Resources */,
				E871623D2467C42D00BA48BE /* SimplexBackground.xib in Resources */,
				B79CAC3A243B082D009F982D /* StandardOfferCell.xib in Resources */,
				B7CE99C22448A33100517330 /* CompanyInfo.xib in Resources */,
				B7A178FF243C8C67000670C3 /* BusinessUserTVC.xib in Resources */,
				E87980132444087B00F32137 /* simplexSocial.storyboard in Resources */,
				E82347F321A1D6BF000A1A62 /* Main.storyboard in Resources */,
				E8175951243BD7930040CB0B /* Searcher.storyboard in Resources */,
				B7C25CE8245011040060F472 /* PostDetailInfoCell.xib in Resources */,
				B7A13924252EDF4800FB4C78 /* SignUpTutorial1.mp4 in Resources */,
			);
			runOnlyForDeploymentPostprocessing = 0;
		};
/* End PBXResourcesBuildPhase section */

/* Begin PBXShellScriptBuildPhase section */
		233188C24CB68CA73AD25D62 /* [CP] Embed Pods Frameworks */ = {
			isa = PBXShellScriptBuildPhase;
			buildActionMask = 2147483647;
			files = (
			);
			inputFileListPaths = (
				"${PODS_ROOT}/Target Support Files/Pods-Ambassadoor/Pods-Ambassadoor-frameworks-${CONFIGURATION}-input-files.xcfilelist",
			);
			name = "[CP] Embed Pods Frameworks";
			outputFileListPaths = (
				"${PODS_ROOT}/Target Support Files/Pods-Ambassadoor/Pods-Ambassadoor-frameworks-${CONFIGURATION}-output-files.xcfilelist",
			);
			runOnlyForDeploymentPostprocessing = 0;
			shellPath = /bin/sh;
			shellScript = "\"${PODS_ROOT}/Target Support Files/Pods-Ambassadoor/Pods-Ambassadoor-frameworks.sh\"\n";
			showEnvVarsInLog = 0;
		};
		E522670BDF9303C8248A1198 /* [CP] Check Pods Manifest.lock */ = {
			isa = PBXShellScriptBuildPhase;
			buildActionMask = 2147483647;
			files = (
			);
			inputPaths = (
				"${PODS_PODFILE_DIR_PATH}/Podfile.lock",
				"${PODS_ROOT}/Manifest.lock",
			);
			name = "[CP] Check Pods Manifest.lock";
			outputPaths = (
				"$(DERIVED_FILE_DIR)/Pods-Ambassadoor-checkManifestLockResult.txt",
			);
			runOnlyForDeploymentPostprocessing = 0;
			shellPath = /bin/sh;
			shellScript = "diff \"${PODS_PODFILE_DIR_PATH}/Podfile.lock\" \"${PODS_ROOT}/Manifest.lock\" > /dev/null\nif [ $? != 0 ] ; then\n    # print error to STDERR\n    echo \"error: The sandbox is not in sync with the Podfile.lock. Run 'pod install' or update your CocoaPods installation.\" >&2\n    exit 1\nfi\n# This output is used by Xcode 'outputs' to avoid re-running this script phase.\necho \"SUCCESS\" > \"${SCRIPT_OUTPUT_FILE_0}\"\n";
			showEnvVarsInLog = 0;
		};
/* End PBXShellScriptBuildPhase section */

/* Begin PBXSourcesBuildPhase section */
		E82347E621A1D6BF000A1A62 /* Sources */ = {
			isa = PBXSourcesBuildPhase;
			buildActionMask = 2147483647;
			files = (
				E8EE3E4A2469BBE600E81F5B /* OfferCells.swift in Sources */,
				E8589FF0234A971400F1BBDE /* ReportOfferVC.swift in Sources */,
				B7D9038223FD30B80004A670 /* StringExtention.swift in Sources */,
				E8DF9D92246501B70045CA57 /* CaptionCrafterVC.swift in Sources */,
				B7FA5F3723339F700088C3FE /* OfferAcceptConfirmVC.swift in Sources */,
				B7B97D72233DE84C0028E7E2 /* NetworkReachability.swift in Sources */,
				E880460923F4A8FC00A21ABE /* AccountInUseVC.swift in Sources */,
				B73F098623291B3100CD6B00 /* APIManager.swift in Sources */,
				E890093A24E4D75200F8C7D1 /* developmentSettings.swift in Sources */,
				B7460DED237435C000D74EF2 /* OfferHistoryVC.swift in Sources */,
				B7CAD15B23FEA634005CD144 /* UITextFieldExtension.swift in Sources */,
				E8721D6C2436E7C60016D2B3 /* OffersPVC.swift in Sources */,
				E89584BD23EDD44D00B064F4 /* WelcomeVC.swift in Sources */,
				B7A178FB243C8BBF000670C3 /* InfluencerListVC.swift in Sources */,
				E8C9048C236859A400FB9584 /* TierInfoVC.swift in Sources */,
				B7E86AF0230EA46E00F60E8F /* BankListVC.swift in Sources */,
				B775F9D62521BE45001C5787 /* ConnectInstagramPVC.swift in Sources */,
				E8E84121234CF43D00AA4957 /* StripeConnectionMKWebview.swift in Sources */,
				E8109EEE21AF6BA8008882B1 /* WithdrawVC.swift in Sources */,
				E8E888D92209B78400ECF398 /* VerifedVC.swift in Sources */,
				E8128C5023F36A1800703195 /* ResetPasswordVC.swift in Sources */,
				B7D42095232A7AB1009F0FCE /* ConnectedPlaidTVCell.swift in Sources */,
				E86B092821DBF8050009C45D /* socialTierVC.swift in Sources */,
				B71A90F4233258D9002B6F1A /* WebViewVC.swift in Sources */,
				E8EF2C7A222DDD6300B2EDC6 /* ZipCodeVC.swift in Sources */,
				E8EB5C22246B8A57007AEDB6 /* SearchCells.swift in Sources */,
				B7E3D95A2445B5700035A800 /* SocialFollowingVC.swift in Sources */,
				E8F9D0AC21AA362500DD1616 /* ProductVC.swift in Sources */,
				E84667DE23FA1CE600544CE1 /* NotBusinessVC.swift in Sources */,
				B775F9E025221D9D001C5787 /* InstructVideoThreeVC.swift in Sources */,
				E80709482361C84400A48827 /* CategoryExplanation.swift in Sources */,
				B775F9DE25221D85001C5787 /* InstructVideoTwoVC.swift in Sources */,
				B79CAC38243B0254009F982D /* AllOfferVC.swift in Sources */,
				B7422E6722FC03510076F076 /* OtherInfoVC.swift in Sources */,
				B7EECFD32552BBF00016E2EA /* VerifyEmailVC.swift in Sources */,
				B7C762BE243787580002623F /* FilteredOfferVC.swift in Sources */,
				E82347F021A1D6BF000A1A62 /* ViewController.swift in Sources */,
				E878729823F6353600B4163B /* BasicInfoVC.swift in Sources */,
				E80AB86A21B18A6400D9B546 /* GlobalTimeSync.swift in Sources */,
				E80FD4FF21A4F1E4003AF50B /* PageVC.swift in Sources */,
				E8F9D0AE21AA3FDC00DD1616 /* CompanyVC.swift in Sources */,
				E86A1E4B21A784C500DCB0D0 /* structs.swift in Sources */,
				E880460523F4272B00A21ABE /* ConnectInstagramVC.swift in Sources */,
				C0D7364522067AE500A84EB7 /* InstagramVC.swift in Sources */,
				E838F3CB21F687BB0021D0AD /* FirebaseRefrences.swift in Sources */,
				E86A1E5121A87C1200DCB0D0 /* global.swift in Sources */,
				E81DE121222AF39D00880D41 /* ProfileVC.swift in Sources */,
				E871623F2467C47000BA48BE /* SimplexBackground.swift in Sources */,
				E8A84AB1222AB40B00D9E2C9 /* CategoryPickerVC.swift in Sources */,
				C0D73643220676CF00A84EB7 /* InstagramAPI.swift in Sources */,
				B7A178F5243C5531000670C3 /* FollowedOfferVC.swift in Sources */,
				E8798015244408DF00F32137 /* SocialPVC.swift in Sources */,
				E8C02754220F32C000B79D54 /* BoldButton.swift in Sources */,
				E88A081023EDED24000AD3C7 /* SigninVC.swift in Sources */,
				B7FA5F352333789F0088C3FE /* TabBarVC.swift in Sources */,
				B7D4209B232AA94F009F0FCE /* TransactionListVC.swift in Sources */,
				B7A17902243C8EC2000670C3 /* BusinessInfluencerVC.swift in Sources */,
				B7C25CEA24503F380060F472 /* ViewPostColorfulVC.swift in Sources */,
				E825C69723F19684003A0B0D /* CreateLoginVC.swift in Sources */,
				B7BCE52922E9BB1800666689 /* DateExtension.swift in Sources */,
				B7D2390E244470A300CD9F65 /* SocialFeedVC.swift in Sources */,
				B775F9DA2521E8EF001C5787 /* ConnectInstaOnlyVC.swift in Sources */,
				E89480A22236E95C00C809E5 /* categories.swift in Sources */,
				E8DF9D962465FF640045CA57 /* OfferViewerCells.swift in Sources */,
				B7A178F9243C8109000670C3 /* SearchMenuVC.swift in Sources */,
				E866724821FF2C8B00241FB3 /* SignUpVC.swift in Sources */,
				E80FD4FD21A4B8AB003AF50B /* HomeVC.swift in Sources */,
				E86A1E4D21A797F000DCB0D0 /* Savvy.swift in Sources */,
				E8CBF572246316A300574E38 /* ReportWriterVC.swift in Sources */,
				E87FC7EE2461017800595E28 /* FollowButtonSmall.swift in Sources */,
				B775F9D82521DDA3001C5787 /* InstagramBaseVC.swift in Sources */,
				B7A17904243C8ED6000670C3 /* BusinessVC.swift in Sources */,
				E8CBF5702463169900574E38 /* ProblemPickerVC.swift in Sources */,
				B7E3D95C2445B58C0035A800 /* SocialFollowedVC.swift in Sources */,
				B7CAD15923FE8019005CD144 /* VerifyOTPVC.swift in Sources */,
				E83249A22508144000894749 /* WhatWillTheySeeVC.swift in Sources */,
				E84038CC223541DB00959CD9 /* Notifications.swift in Sources */,
				B7CAD15D23FEAB5D005CD144 /* SetPasswordVC.swift in Sources */,
				E83249A425081C2B00894749 /* HowToSwitchVC.swift in Sources */,
				E84D685321A9F08C00681D21 /* PostVC.swift in Sources */,
				B7446CC422FD81BC0061983F /* UIViewControllerExtensions.swift in Sources */,
				E87EC2E4236C9A2900690037 /* SocialAlgorithms.swift in Sources */,
				E80AB86821B0DA0D00D9B546 /* ViewOfferNC.swift in Sources */,
				B73F098823291DA000CD6B00 /* DwollaUserInformationVC.swift in Sources */,
				B775F9DC25221D6D001C5787 /* InstructVideoOneVC.swift in Sources */,
				E8175952243BD7A00040CB0B /* SearchPVC.swift in Sources */,
				E880460723F44BAD00A21ABE /* InstagramConnectedVC.swift in Sources */,
				E8C369572216270E00AE12D7 /* ViewProfileVC.swift in Sources */,
				B7D2390C24445EF100CD9F65 /* SocialMenuVC.swift in Sources */,
				B7CD174F2459643D00D1F63A /* ViewBusinessVC.swift in Sources */,
				B7FB2886233A1E4700980F17 /* PaymentSentVC.swift in Sources */,
				B7263285243F16D000202DFB /* InProgressVC.swift in Sources */,
				B7261DAB24EE420200BB2B29 /* ConnectStepsVC.swift in Sources */,
				E86A1E4F21A86CE900DCB0D0 /* RejectedOffersVC.swift in Sources */,
				E8CBF56E2463161400574E38 /* ReporterFeature.swift in Sources */,
				E8AAE63D23EC3E0E00EC28D4 /* StandardNC.swift in Sources */,
				E82347EE21A1D6BF000A1A62 /* AppDelegate.swift in Sources */,
				B7CE99BB244897C400517330 /* OfferViewerVC.swift in Sources */,
				E8EF2C78222D786500B2EDC6 /* CategoryPicker.swift in Sources */,
				B73F098A2329294D00CD6B00 /* DwollaCustomerInformation.swift in Sources */,
				C0963EB1220B864B000380C7 /* ImageViewExtensions.swift in Sources */,
				E8D4B2482362543100DC0FEA /* FakeSplash.swift in Sources */,
				E8A84AAF222AB3FC00D9E2C9 /* ClassPickerVC.swift in Sources */,
				E86B092A21DBF81C0009C45D /* socialCategoryVC.swift in Sources */,
				E89584BB23EDBC0200B064F4 /* NewAccount.swift in Sources */,
				E87C01AB23ED8F9A002B1F9A /* CreateAccountVC.swift in Sources */,
				B71BE92F250FA54C0009A242 /* ReferralInfoVC.swift in Sources */,
				E86B092C21DBF82F0009C45D /* socialSearchVC.swift in Sources */,
				E8109EEC21AEE818008882B1 /* MoneyVC.swift in Sources */,
				E86B092621DBF0F30009C45D /* socialPageVC.swift in Sources */,
				E8164F6222249ACC0084CCF9 /* StatVC.swift in Sources */,
				E87EC2E2236C998C00690037 /* GeolocationTools.swift in Sources */,
				E8DF9D942465F24F0045CA57 /* acceptVerifierVC.swift in Sources */,
				E82347F621A1D6BF000A1A62 /* Ambassadoor.xcdatamodeld in Sources */,
				E8CBD7BE21E29400003B5B02 /* People.swift in Sources */,
				E8963EA121F7F16B0047CF99 /* OfferCell.swift in Sources */,
				E86920A2246CC24B0052517B /* EasyRefreshTV.swift in Sources */,
				B7C762BC243745A90002623F /* OfferMenuVC.swift in Sources */,
				E80AB86C21B1F9E000D9B546 /* inProgressVC.swift in Sources */,
				E8C795D2245F25CD0090E60E /* FollowButton.swift in Sources */,
				B7C25CEC24503F590060F472 /* ViewPostDetailedVC.swift in Sources */,
				E86A1E5321A893D100DCB0D0 /* OfferVC.swift in Sources */,
				B78D114B2306AF510073F64B /* CustomObject.m in Sources */,
			);
			runOnlyForDeploymentPostprocessing = 0;
		};
/* End PBXSourcesBuildPhase section */

/* Begin PBXVariantGroup section */
		E82347F121A1D6BF000A1A62 /* Main.storyboard */ = {
			isa = PBXVariantGroup;
			children = (
				E82347F221A1D6BF000A1A62 /* Base */,
			);
			name = Main.storyboard;
			sourceTree = "<group>";
		};
		E82347F921A1D6C0000A1A62 /* LaunchScreen.storyboard */ = {
			isa = PBXVariantGroup;
			children = (
				E82347FA21A1D6C0000A1A62 /* Base */,
			);
			name = LaunchScreen.storyboard;
			sourceTree = "<group>";
		};
/* End PBXVariantGroup section */

/* Begin XCBuildConfiguration section */
		E82347FD21A1D6C0000A1A62 /* Debug */ = {
			isa = XCBuildConfiguration;
			buildSettings = {
				ALWAYS_SEARCH_USER_PATHS = NO;
				CLANG_ANALYZER_NONNULL = YES;
				CLANG_ANALYZER_NUMBER_OBJECT_CONVERSION = YES_AGGRESSIVE;
				CLANG_CXX_LANGUAGE_STANDARD = "gnu++14";
				CLANG_CXX_LIBRARY = "libc++";
				CLANG_ENABLE_MODULES = YES;
				CLANG_ENABLE_OBJC_ARC = YES;
				CLANG_ENABLE_OBJC_WEAK = YES;
				CLANG_WARN_BLOCK_CAPTURE_AUTORELEASING = YES;
				CLANG_WARN_BOOL_CONVERSION = YES;
				CLANG_WARN_COMMA = YES;
				CLANG_WARN_CONSTANT_CONVERSION = YES;
				CLANG_WARN_DEPRECATED_OBJC_IMPLEMENTATIONS = YES;
				CLANG_WARN_DIRECT_OBJC_ISA_USAGE = YES_ERROR;
				CLANG_WARN_DOCUMENTATION_COMMENTS = YES;
				CLANG_WARN_EMPTY_BODY = YES;
				CLANG_WARN_ENUM_CONVERSION = YES;
				CLANG_WARN_INFINITE_RECURSION = YES;
				CLANG_WARN_INT_CONVERSION = YES;
				CLANG_WARN_NON_LITERAL_NULL_CONVERSION = YES;
				CLANG_WARN_OBJC_IMPLICIT_RETAIN_SELF = YES;
				CLANG_WARN_OBJC_LITERAL_CONVERSION = YES;
				CLANG_WARN_OBJC_ROOT_CLASS = YES_ERROR;
				CLANG_WARN_RANGE_LOOP_ANALYSIS = YES;
				CLANG_WARN_STRICT_PROTOTYPES = YES;
				CLANG_WARN_SUSPICIOUS_MOVE = YES;
				CLANG_WARN_UNGUARDED_AVAILABILITY = YES_AGGRESSIVE;
				CLANG_WARN_UNREACHABLE_CODE = YES;
				CLANG_WARN__DUPLICATE_METHOD_MATCH = YES;
				CODE_SIGN_IDENTITY = "Apple Development";
				COPY_PHASE_STRIP = NO;
				DEBUG_INFORMATION_FORMAT = dwarf;
				DEVELOPMENT_TEAM = F4W3LUKZFA;
				ENABLE_STRICT_OBJC_MSGSEND = YES;
				ENABLE_TESTABILITY = YES;
				GCC_C_LANGUAGE_STANDARD = gnu11;
				GCC_DYNAMIC_NO_PIC = NO;
				GCC_NO_COMMON_BLOCKS = YES;
				GCC_OPTIMIZATION_LEVEL = 0;
				GCC_PREPROCESSOR_DEFINITIONS = (
					"DEBUG=1",
					"$(inherited)",
				);
				GCC_WARN_64_TO_32_BIT_CONVERSION = YES;
				GCC_WARN_ABOUT_RETURN_TYPE = YES_ERROR;
				GCC_WARN_UNDECLARED_SELECTOR = YES;
				GCC_WARN_UNINITIALIZED_AUTOS = YES_AGGRESSIVE;
				GCC_WARN_UNUSED_FUNCTION = YES;
				GCC_WARN_UNUSED_VARIABLE = YES;
				IPHONEOS_DEPLOYMENT_TARGET = 11.0;
				MTL_ENABLE_DEBUG_INFO = INCLUDE_SOURCE;
				MTL_FAST_MATH = YES;
				ONLY_ACTIVE_ARCH = YES;
				SDKROOT = iphoneos;
				SWIFT_ACTIVE_COMPILATION_CONDITIONS = DEBUG;
				SWIFT_OPTIMIZATION_LEVEL = "-Onone";
			};
			name = Debug;
		};
		E82347FE21A1D6C0000A1A62 /* Release */ = {
			isa = XCBuildConfiguration;
			buildSettings = {
				ALWAYS_SEARCH_USER_PATHS = NO;
				CLANG_ANALYZER_NONNULL = YES;
				CLANG_ANALYZER_NUMBER_OBJECT_CONVERSION = YES_AGGRESSIVE;
				CLANG_CXX_LANGUAGE_STANDARD = "gnu++14";
				CLANG_CXX_LIBRARY = "libc++";
				CLANG_ENABLE_MODULES = YES;
				CLANG_ENABLE_OBJC_ARC = YES;
				CLANG_ENABLE_OBJC_WEAK = YES;
				CLANG_WARN_BLOCK_CAPTURE_AUTORELEASING = YES;
				CLANG_WARN_BOOL_CONVERSION = YES;
				CLANG_WARN_COMMA = YES;
				CLANG_WARN_CONSTANT_CONVERSION = YES;
				CLANG_WARN_DEPRECATED_OBJC_IMPLEMENTATIONS = YES;
				CLANG_WARN_DIRECT_OBJC_ISA_USAGE = YES_ERROR;
				CLANG_WARN_DOCUMENTATION_COMMENTS = YES;
				CLANG_WARN_EMPTY_BODY = YES;
				CLANG_WARN_ENUM_CONVERSION = YES;
				CLANG_WARN_INFINITE_RECURSION = YES;
				CLANG_WARN_INT_CONVERSION = YES;
				CLANG_WARN_NON_LITERAL_NULL_CONVERSION = YES;
				CLANG_WARN_OBJC_IMPLICIT_RETAIN_SELF = YES;
				CLANG_WARN_OBJC_LITERAL_CONVERSION = YES;
				CLANG_WARN_OBJC_ROOT_CLASS = YES_ERROR;
				CLANG_WARN_RANGE_LOOP_ANALYSIS = YES;
				CLANG_WARN_STRICT_PROTOTYPES = YES;
				CLANG_WARN_SUSPICIOUS_MOVE = YES;
				CLANG_WARN_UNGUARDED_AVAILABILITY = YES_AGGRESSIVE;
				CLANG_WARN_UNREACHABLE_CODE = YES;
				CLANG_WARN__DUPLICATE_METHOD_MATCH = YES;
				CODE_SIGN_IDENTITY = "Apple Development";
				COPY_PHASE_STRIP = NO;
				DEBUG_INFORMATION_FORMAT = "dwarf-with-dsym";
				DEVELOPMENT_TEAM = F4W3LUKZFA;
				ENABLE_NS_ASSERTIONS = NO;
				ENABLE_STRICT_OBJC_MSGSEND = YES;
				GCC_C_LANGUAGE_STANDARD = gnu11;
				GCC_NO_COMMON_BLOCKS = YES;
				GCC_WARN_64_TO_32_BIT_CONVERSION = YES;
				GCC_WARN_ABOUT_RETURN_TYPE = YES_ERROR;
				GCC_WARN_UNDECLARED_SELECTOR = YES;
				GCC_WARN_UNINITIALIZED_AUTOS = YES_AGGRESSIVE;
				GCC_WARN_UNUSED_FUNCTION = YES;
				GCC_WARN_UNUSED_VARIABLE = YES;
				IPHONEOS_DEPLOYMENT_TARGET = 11.0;
				MTL_ENABLE_DEBUG_INFO = NO;
				MTL_FAST_MATH = YES;
				SDKROOT = iphoneos;
				SWIFT_COMPILATION_MODE = wholemodule;
				SWIFT_OPTIMIZATION_LEVEL = "-O";
				VALIDATE_PRODUCT = YES;
			};
			name = Release;
		};
		E823480021A1D6C0000A1A62 /* Debug */ = {
			isa = XCBuildConfiguration;
			baseConfigurationReference = 3C063C7693442ACADF942259 /* Pods-Ambassadoor.debug.xcconfig */;
			buildSettings = {
				ASSETCATALOG_COMPILER_APPICON_NAME = InstantGradientIcon;
				ASSETCATALOG_WARNINGS = NO;
				CLANG_ENABLE_MODULES = YES;
				CODE_SIGN_ENTITLEMENTS = Ambassadoor/Ambassadoor.entitlements;
				CODE_SIGN_IDENTITY = "Apple Development";
				CODE_SIGN_STYLE = Automatic;
				CURRENT_PROJECT_VERSION = 7;
				DEVELOPMENT_TEAM = JMBR2RF2B8;
				INFOPLIST_FILE = Ambassadoor/Info.plist;
				IPHONEOS_DEPLOYMENT_TARGET = 11.0;
				LD_RUNPATH_SEARCH_PATHS = (
					"$(inherited)",
					"@executable_path/Frameworks",
				);
				MARKETING_VERSION = 2.0.3;
				PRODUCT_BUNDLE_IDENTIFIER = com.ambassadoor.influencerTest;
				PRODUCT_NAME = "$(TARGET_NAME)";
				PROVISIONING_PROFILE_SPECIFIER = "";
				SWIFT_OBJC_BRIDGING_HEADER = "Ambassadoor/Ambassadoor-Bridging-Header.h";
				SWIFT_OPTIMIZATION_LEVEL = "-Onone";
				SWIFT_VERSION = 5.0;
				TARGETED_DEVICE_FAMILY = 1;
			};
			name = Debug;
		};
		E823480121A1D6C0000A1A62 /* Release */ = {
			isa = XCBuildConfiguration;
			baseConfigurationReference = 0A97662B45396EF7FCF0C532 /* Pods-Ambassadoor.release.xcconfig */;
			buildSettings = {
				ASSETCATALOG_COMPILER_APPICON_NAME = InstantGradientIcon;
				ASSETCATALOG_WARNINGS = NO;
				CLANG_ENABLE_MODULES = YES;
				CODE_SIGN_ENTITLEMENTS = Ambassadoor/Ambassadoor.entitlements;
				CODE_SIGN_IDENTITY = "Apple Development";
				CODE_SIGN_STYLE = Automatic;
				CURRENT_PROJECT_VERSION = 7;
				DEVELOPMENT_TEAM = JMBR2RF2B8;
				INFOPLIST_FILE = Ambassadoor/Info.plist;
				IPHONEOS_DEPLOYMENT_TARGET = 11.0;
				LD_RUNPATH_SEARCH_PATHS = (
					"$(inherited)",
					"@executable_path/Frameworks",
				);
				MARKETING_VERSION = 2.0.3;
				PRODUCT_BUNDLE_IDENTIFIER = com.ambassadoor.influencerTest;
				PRODUCT_NAME = "$(TARGET_NAME)";
				PROVISIONING_PROFILE_SPECIFIER = "";
				SWIFT_OBJC_BRIDGING_HEADER = "Ambassadoor/Ambassadoor-Bridging-Header.h";
				SWIFT_VERSION = 5.0;
				TARGETED_DEVICE_FAMILY = 1;
			};
			name = Release;
		};
/* End XCBuildConfiguration section */

/* Begin XCConfigurationList section */
		E82347E521A1D6BF000A1A62 /* Build configuration list for PBXProject "Ambassadoor" */ = {
			isa = XCConfigurationList;
			buildConfigurations = (
				E82347FD21A1D6C0000A1A62 /* Debug */,
				E82347FE21A1D6C0000A1A62 /* Release */,
			);
			defaultConfigurationIsVisible = 0;
			defaultConfigurationName = Release;
		};
		E82347FF21A1D6C0000A1A62 /* Build configuration list for PBXNativeTarget "Ambassadoor" */ = {
			isa = XCConfigurationList;
			buildConfigurations = (
				E823480021A1D6C0000A1A62 /* Debug */,
				E823480121A1D6C0000A1A62 /* Release */,
			);
			defaultConfigurationIsVisible = 0;
			defaultConfigurationName = Release;
		};
/* End XCConfigurationList section */

/* Begin XCVersionGroup section */
		E82347F421A1D6BF000A1A62 /* Ambassadoor.xcdatamodeld */ = {
			isa = XCVersionGroup;
			children = (
				E82347F521A1D6BF000A1A62 /* Ambassadoor.xcdatamodel */,
			);
			currentVersion = E82347F521A1D6BF000A1A62 /* Ambassadoor.xcdatamodel */;
			path = Ambassadoor.xcdatamodeld;
			sourceTree = "<group>";
			versionGroupType = wrapper.xcdatamodel;
		};
/* End XCVersionGroup section */
	};
	rootObject = E82347E221A1D6BF000A1A62 /* Project object */;
}
